<?xml version="1.0" encoding="UTF-8"?>
<!DOCTYPE plist PUBLIC "-//Apple//DTD PLIST 1.0//EN" "http://www.apple.com/DTDs/PropertyList-1.0.dtd">
<plist version="1.0">
<dict>
	<key>archiveVersion</key>
	<string>1</string>
	<key>classes</key>
	<dict/>
	<key>objectVersion</key>
	<string>46</string>
	<key>objects</key>
	<dict>
		<key>04C335B11DE004F0005D633B</key>
		<dict>
			<key>children</key>
			<array>
				<string>04E85D461DE0D21D007DA2E7</string>
				<string>04E85D471DE0D21D007DA2E7</string>
			</array>
			<key>isa</key>
			<string>PBXGroup</string>
			<key>path</key>
			<string>Controllers</string>
			<key>sourceTree</key>
			<string>&lt;group&gt;</string>
		</dict>
		<key>04C335B21DE004F0005D633B</key>
		<dict>
			<key>children</key>
			<array>
				<string>D709A2561DE01F8200F42086</string>
				<string>04C335B61DE0050C005D633B</string>
				<string>04C335B51DE0050B005D633B</string>
				<string>D709A2731DE0687800F42086</string>
			</array>
			<key>isa</key>
			<string>PBXGroup</string>
			<key>path</key>
			<string>Database</string>
			<key>sourceTree</key>
			<string>&lt;group&gt;</string>
		</dict>
		<key>04C335B41DE004F0005D633B</key>
		<dict>
			<key>children</key>
			<array/>
			<key>isa</key>
			<string>PBXGroup</string>
			<key>path</key>
			<string>Views</string>
			<key>sourceTree</key>
			<string>&lt;group&gt;</string>
		</dict>
		<key>04C335B51DE0050B005D633B</key>
		<dict>
			<key>isa</key>
			<string>PBXFileReference</string>
			<key>lastKnownFileType</key>
			<string>sourcecode.c.h</string>
			<key>path</key>
			<string>HackatonApp-Bridging-Header.h</string>
			<key>sourceTree</key>
			<string>&lt;group&gt;</string>
		</dict>
		<key>04C335B61DE0050C005D633B</key>
		<dict>
			<key>fileEncoding</key>
			<string>4</string>
			<key>isa</key>
			<string>PBXFileReference</string>
			<key>lastKnownFileType</key>
			<string>sourcecode.swift</string>
			<key>path</key>
			<string>Database.swift</string>
			<key>sourceTree</key>
			<string>&lt;group&gt;</string>
		</dict>
		<key>04C335B71DE0050C005D633B</key>
		<dict>
			<key>fileRef</key>
			<string>04C335B61DE0050C005D633B</string>
			<key>isa</key>
			<string>PBXBuildFile</string>
		</dict>
		<key>04E85D211DE01615007DA2E7</key>
		<dict>
			<key>children</key>
			<array>
				<string>04E85D221DE01615007DA2E7</string>
				<string>04E85D231DE0165B007DA2E7</string>
				<string>04E85D241DE0165B007DA2E7</string>
				<string>04E85D261DE01677007DA2E7</string>
			</array>
			<key>isa</key>
			<string>PBXGroup</string>
			<key>path</key>
			<string>Network</string>
			<key>sourceTree</key>
			<string>&lt;group&gt;</string>
		</dict>
		<key>04E85D221DE01615007DA2E7</key>
		<dict>
			<key>children</key>
			<array>
				<string>04E85D291DE01C98007DA2E7</string>
				<string>04E85D2A1DE01C98007DA2E7</string>
				<string>04E85D3A1DE02C41007DA2E7</string>
				<string>04E85D3B1DE02C41007DA2E7</string>
			</array>
			<key>isa</key>
			<string>PBXGroup</string>
			<key>path</key>
			<string>Components</string>
			<key>sourceTree</key>
			<string>&lt;group&gt;</string>
		</dict>
		<key>04E85D231DE0165B007DA2E7</key>
		<dict>
			<key>fileEncoding</key>
			<string>4</string>
			<key>isa</key>
			<string>PBXFileReference</string>
			<key>lastKnownFileType</key>
			<string>sourcecode.c.h</string>
			<key>path</key>
			<string>HANetworkManager.h</string>
			<key>sourceTree</key>
			<string>&lt;group&gt;</string>
		</dict>
		<key>04E85D241DE0165B007DA2E7</key>
		<dict>
			<key>fileEncoding</key>
			<string>4</string>
			<key>isa</key>
			<string>PBXFileReference</string>
			<key>lastKnownFileType</key>
			<string>sourcecode.c.objc</string>
			<key>path</key>
			<string>HANetworkManager.m</string>
			<key>sourceTree</key>
			<string>&lt;group&gt;</string>
		</dict>
		<key>04E85D251DE0165B007DA2E7</key>
		<dict>
			<key>fileRef</key>
			<string>04E85D241DE0165B007DA2E7</string>
			<key>isa</key>
			<string>PBXBuildFile</string>
		</dict>
		<key>04E85D261DE01677007DA2E7</key>
		<dict>
			<key>isa</key>
			<string>PBXFileReference</string>
			<key>lastKnownFileType</key>
			<string>sourcecode.c.h</string>
			<key>path</key>
			<string>HANetworkManagerTypedefs.h</string>
			<key>sourceTree</key>
			<string>&lt;group&gt;</string>
		</dict>
		<key>04E85D271DE0172A007DA2E7</key>
		<dict>
			<key>fileEncoding</key>
			<string>4</string>
			<key>isa</key>
			<string>PBXFileReference</string>
			<key>lastKnownFileType</key>
			<string>sourcecode.c.h</string>
			<key>path</key>
			<string>HADefines.h</string>
			<key>sourceTree</key>
			<string>&lt;group&gt;</string>
		</dict>
		<key>04E85D281DE0176D007DA2E7</key>
		<dict>
			<key>fileEncoding</key>
			<string>4</string>
			<key>isa</key>
			<string>PBXFileReference</string>
			<key>lastKnownFileType</key>
			<string>sourcecode.c.h</string>
			<key>path</key>
			<string>HAPrefixHeader.pch</string>
			<key>sourceTree</key>
			<string>&lt;group&gt;</string>
		</dict>
		<key>04E85D291DE01C98007DA2E7</key>
		<dict>
			<key>fileEncoding</key>
			<string>4</string>
			<key>isa</key>
			<string>PBXFileReference</string>
			<key>lastKnownFileType</key>
			<string>sourcecode.c.h</string>
			<key>path</key>
			<string>HANMBaseComponent.h</string>
			<key>sourceTree</key>
			<string>&lt;group&gt;</string>
		</dict>
		<key>04E85D2A1DE01C98007DA2E7</key>
		<dict>
			<key>fileEncoding</key>
			<string>4</string>
			<key>isa</key>
			<string>PBXFileReference</string>
			<key>lastKnownFileType</key>
			<string>sourcecode.c.objc</string>
			<key>path</key>
			<string>HANMBaseComponent.m</string>
			<key>sourceTree</key>
			<string>&lt;group&gt;</string>
		</dict>
		<key>04E85D2B1DE01C98007DA2E7</key>
		<dict>
			<key>fileRef</key>
			<string>04E85D2A1DE01C98007DA2E7</string>
			<key>isa</key>
			<string>PBXBuildFile</string>
		</dict>
		<key>04E85D2C1DE01D5E007DA2E7</key>
		<dict>
			<key>children</key>
			<array>
				<string>04E85D2D1DE01D5E007DA2E7</string>
			</array>
			<key>isa</key>
			<string>PBXGroup</string>
			<key>path</key>
			<string>Library</string>
			<key>sourceTree</key>
			<string>&lt;group&gt;</string>
		</dict>
		<key>04E85D2D1DE01D5E007DA2E7</key>
		<dict>
			<key>children</key>
			<array>
				<string>04E85D331DE01D9D007DA2E7</string>
				<string>04E85D341DE01D9D007DA2E7</string>
			</array>
			<key>isa</key>
			<string>PBXGroup</string>
			<key>path</key>
			<string>HelperCategories</string>
			<key>sourceTree</key>
			<string>&lt;group&gt;</string>
		</dict>
		<key>04E85D2E1DE01D5E007DA2E7</key>
		<dict>
			<key>children</key>
			<array>
				<string>04E85D2F1DE01D5E007DA2E7</string>
			</array>
			<key>isa</key>
			<string>PBXGroup</string>
			<key>path</key>
			<string>Utils</string>
			<key>sourceTree</key>
			<string>&lt;group&gt;</string>
		</dict>
		<key>04E85D2F1DE01D5E007DA2E7</key>
		<dict>
			<key>children</key>
			<array>
				<string>04E85D301DE01D78007DA2E7</string>
				<string>04E85D311DE01D78007DA2E7</string>
			</array>
			<key>isa</key>
			<string>PBXGroup</string>
			<key>path</key>
			<string>ProjectHelpers</string>
			<key>sourceTree</key>
			<string>&lt;group&gt;</string>
		</dict>
		<key>04E85D301DE01D78007DA2E7</key>
		<dict>
			<key>fileEncoding</key>
			<string>4</string>
			<key>isa</key>
			<string>PBXFileReference</string>
			<key>lastKnownFileType</key>
			<string>sourcecode.c.h</string>
			<key>path</key>
			<string>HAErrorHelper.h</string>
			<key>sourceTree</key>
			<string>&lt;group&gt;</string>
		</dict>
		<key>04E85D311DE01D78007DA2E7</key>
		<dict>
			<key>fileEncoding</key>
			<string>4</string>
			<key>isa</key>
			<string>PBXFileReference</string>
			<key>lastKnownFileType</key>
			<string>sourcecode.c.objc</string>
			<key>path</key>
			<string>HAErrorHelper.m</string>
			<key>sourceTree</key>
			<string>&lt;group&gt;</string>
		</dict>
		<key>04E85D321DE01D78007DA2E7</key>
		<dict>
			<key>fileRef</key>
			<string>04E85D311DE01D78007DA2E7</string>
			<key>isa</key>
			<string>PBXBuildFile</string>
		</dict>
		<key>04E85D331DE01D9D007DA2E7</key>
		<dict>
			<key>fileEncoding</key>
			<string>4</string>
			<key>isa</key>
			<string>PBXFileReference</string>
			<key>lastKnownFileType</key>
			<string>sourcecode.c.h</string>
			<key>path</key>
			<string>NSDictionary+Helper.h</string>
			<key>sourceTree</key>
			<string>&lt;group&gt;</string>
		</dict>
		<key>04E85D341DE01D9D007DA2E7</key>
		<dict>
			<key>fileEncoding</key>
			<string>4</string>
			<key>isa</key>
			<string>PBXFileReference</string>
			<key>lastKnownFileType</key>
			<string>sourcecode.c.objc</string>
			<key>path</key>
			<string>NSDictionary+Helper.m</string>
			<key>sourceTree</key>
			<string>&lt;group&gt;</string>
		</dict>
		<key>04E85D351DE01D9D007DA2E7</key>
		<dict>
			<key>fileRef</key>
			<string>04E85D341DE01D9D007DA2E7</string>
			<key>isa</key>
			<string>PBXBuildFile</string>
		</dict>
		<key>04E85D361DE0257B007DA2E7</key>
		<dict>
			<key>children</key>
			<array>
				<string>04E85D431DE05EDE007DA2E7</string>
				<string>04E85D441DE05EDE007DA2E7</string>
				<string>04E85D371DE0258B007DA2E7</string>
				<string>04E85D381DE0258B007DA2E7</string>
				<string>04E85D401DE056E9007DA2E7</string>
				<string>04E85D411DE056E9007DA2E7</string>
			</array>
			<key>isa</key>
			<string>PBXGroup</string>
			<key>path</key>
			<string>Managers</string>
			<key>sourceTree</key>
			<string>&lt;group&gt;</string>
		</dict>
		<key>04E85D371DE0258B007DA2E7</key>
		<dict>
			<key>fileEncoding</key>
			<string>4</string>
			<key>isa</key>
			<string>PBXFileReference</string>
			<key>lastKnownFileType</key>
			<string>sourcecode.c.h</string>
			<key>path</key>
			<string>HASaveManager.h</string>
			<key>sourceTree</key>
			<string>&lt;group&gt;</string>
		</dict>
		<key>04E85D381DE0258B007DA2E7</key>
		<dict>
			<key>fileEncoding</key>
			<string>4</string>
			<key>isa</key>
			<string>PBXFileReference</string>
			<key>lastKnownFileType</key>
			<string>sourcecode.c.objc</string>
			<key>path</key>
			<string>HASaveManager.m</string>
			<key>sourceTree</key>
			<string>&lt;group&gt;</string>
		</dict>
		<key>04E85D391DE0258B007DA2E7</key>
		<dict>
			<key>fileRef</key>
			<string>04E85D381DE0258B007DA2E7</string>
			<key>isa</key>
			<string>PBXBuildFile</string>
		</dict>
		<key>04E85D3A1DE02C41007DA2E7</key>
		<dict>
			<key>fileEncoding</key>
			<string>4</string>
			<key>isa</key>
			<string>PBXFileReference</string>
			<key>lastKnownFileType</key>
			<string>sourcecode.c.h</string>
			<key>path</key>
			<string>HANMRoutesComponent.h</string>
			<key>sourceTree</key>
			<string>&lt;group&gt;</string>
		</dict>
		<key>04E85D3B1DE02C41007DA2E7</key>
		<dict>
			<key>fileEncoding</key>
			<string>4</string>
			<key>isa</key>
			<string>PBXFileReference</string>
			<key>lastKnownFileType</key>
			<string>sourcecode.c.objc</string>
			<key>path</key>
			<string>HANMRoutesComponent.m</string>
			<key>sourceTree</key>
			<string>&lt;group&gt;</string>
		</dict>
		<key>04E85D3C1DE02C41007DA2E7</key>
		<dict>
			<key>fileRef</key>
			<string>04E85D3B1DE02C41007DA2E7</string>
			<key>isa</key>
			<string>PBXBuildFile</string>
		</dict>
		<key>04E85D401DE056E9007DA2E7</key>
		<dict>
			<key>fileEncoding</key>
			<string>4</string>
			<key>isa</key>
			<string>PBXFileReference</string>
			<key>lastKnownFileType</key>
			<string>sourcecode.c.h</string>
			<key>path</key>
			<string>HAParseManager.h</string>
			<key>sourceTree</key>
			<string>&lt;group&gt;</string>
		</dict>
		<key>04E85D411DE056E9007DA2E7</key>
		<dict>
			<key>fileEncoding</key>
			<string>4</string>
			<key>isa</key>
			<string>PBXFileReference</string>
			<key>lastKnownFileType</key>
			<string>sourcecode.c.objc</string>
			<key>path</key>
			<string>HAParseManager.m</string>
			<key>sourceTree</key>
			<string>&lt;group&gt;</string>
		</dict>
		<key>04E85D421DE056E9007DA2E7</key>
		<dict>
			<key>fileRef</key>
			<string>04E85D411DE056E9007DA2E7</string>
			<key>isa</key>
			<string>PBXBuildFile</string>
		</dict>
		<key>04E85D431DE05EDE007DA2E7</key>
		<dict>
			<key>fileEncoding</key>
			<string>4</string>
			<key>isa</key>
			<string>PBXFileReference</string>
			<key>lastKnownFileType</key>
			<string>sourcecode.c.h</string>
			<key>path</key>
			<string>HASettingsManager.h</string>
			<key>sourceTree</key>
			<string>&lt;group&gt;</string>
		</dict>
		<key>04E85D441DE05EDE007DA2E7</key>
		<dict>
			<key>fileEncoding</key>
			<string>4</string>
			<key>isa</key>
			<string>PBXFileReference</string>
			<key>lastKnownFileType</key>
			<string>sourcecode.c.objc</string>
			<key>path</key>
			<string>HASettingsManager.m</string>
			<key>sourceTree</key>
			<string>&lt;group&gt;</string>
		</dict>
		<key>04E85D451DE05EDE007DA2E7</key>
		<dict>
			<key>fileRef</key>
			<string>04E85D441DE05EDE007DA2E7</string>
			<key>isa</key>
			<string>PBXBuildFile</string>
		</dict>
		<key>04E85D461DE0D21D007DA2E7</key>
		<dict>
			<key>fileEncoding</key>
			<string>4</string>
			<key>isa</key>
			<string>PBXFileReference</string>
			<key>lastKnownFileType</key>
			<string>sourcecode.c.h</string>
			<key>path</key>
			<string>MapViewController.h</string>
			<key>sourceTree</key>
			<string>&lt;group&gt;</string>
		</dict>
		<key>04E85D471DE0D21D007DA2E7</key>
		<dict>
			<key>fileEncoding</key>
			<string>4</string>
			<key>isa</key>
			<string>PBXFileReference</string>
			<key>lastKnownFileType</key>
			<string>sourcecode.c.objc</string>
			<key>path</key>
			<string>MapViewController.m</string>
			<key>sourceTree</key>
			<string>&lt;group&gt;</string>
		</dict>
		<key>04E85D481DE0D21D007DA2E7</key>
		<dict>
			<key>fileRef</key>
			<string>04E85D471DE0D21D007DA2E7</string>
			<key>isa</key>
			<string>PBXBuildFile</string>
		</dict>
		<key>04E85D491DE0D22B007DA2E7</key>
		<dict>
			<key>fileEncoding</key>
			<string>4</string>
			<key>isa</key>
			<string>PBXFileReference</string>
			<key>lastKnownFileType</key>
			<string>sourcecode.swift</string>
			<key>path</key>
			<string>RouteModel.swift</string>
			<key>sourceTree</key>
			<string>&lt;group&gt;</string>
		</dict>
		<key>04E85D4A1DE0D22B007DA2E7</key>
		<dict>
			<key>fileRef</key>
			<string>04E85D491DE0D22B007DA2E7</string>
			<key>isa</key>
			<string>PBXBuildFile</string>
		</dict>
		<key>04E85D4B1DE0D2C6007DA2E7</key>
		<dict>
			<key>children</key>
			<array>
				<string>04E85D4C1DE0D2C6007DA2E7</string>
				<string>04E85D4D1DE0D2C6007DA2E7</string>
			</array>
			<key>isa</key>
			<string>PBXGroup</string>
			<key>path</key>
			<string>Resources</string>
			<key>sourceTree</key>
			<string>&lt;group&gt;</string>
		</dict>
		<key>04E85D4C1DE0D2C6007DA2E7</key>
		<dict>
			<key>children</key>
			<array/>
			<key>isa</key>
			<string>PBXGroup</string>
			<key>path</key>
			<string>Assets</string>
			<key>sourceTree</key>
			<string>&lt;group&gt;</string>
		</dict>
		<key>04E85D4D1DE0D2C6007DA2E7</key>
		<dict>
			<key>children</key>
			<array>
				<string>04E85D501DE0D2E6007DA2E7</string>
				<string>04E85D521DE0D2F4007DA2E7</string>
			</array>
			<key>isa</key>
			<string>PBXGroup</string>
			<key>path</key>
			<string>Storyboards</string>
			<key>sourceTree</key>
			<string>&lt;group&gt;</string>
		</dict>
		<key>04E85D501DE0D2E6007DA2E7</key>
		<dict>
			<key>fileEncoding</key>
			<string>4</string>
			<key>isa</key>
			<string>PBXFileReference</string>
			<key>lastKnownFileType</key>
			<string>file.storyboard</string>
			<key>path</key>
			<string>Feed.storyboard</string>
			<key>sourceTree</key>
			<string>&lt;group&gt;</string>
		</dict>
		<key>04E85D511DE0D2E6007DA2E7</key>
		<dict>
			<key>fileRef</key>
			<string>04E85D501DE0D2E6007DA2E7</string>
			<key>isa</key>
			<string>PBXBuildFile</string>
		</dict>
		<key>04E85D521DE0D2F4007DA2E7</key>
		<dict>
			<key>fileEncoding</key>
			<string>4</string>
			<key>isa</key>
			<string>PBXFileReference</string>
			<key>lastKnownFileType</key>
			<string>file.storyboard</string>
			<key>path</key>
			<string>Detail.storyboard</string>
			<key>sourceTree</key>
			<string>&lt;group&gt;</string>
		</dict>
		<key>04E85D531DE0D2F4007DA2E7</key>
		<dict>
			<key>fileRef</key>
			<string>04E85D521DE0D2F4007DA2E7</string>
			<key>isa</key>
			<string>PBXBuildFile</string>
		</dict>
		<key>255120E061504B60EA1E391F</key>
		<dict>
			<key>fileRef</key>
			<string>9018F3213D675048ABD73C59</string>
			<key>isa</key>
			<string>PBXBuildFile</string>
		</dict>
		<key>31150A5D5063798F57F1891F</key>
		<dict>
			<key>buildActionMask</key>
			<string>2147483647</string>
			<key>files</key>
			<array/>
			<key>inputPaths</key>
			<array/>
			<key>isa</key>
			<string>PBXShellScriptBuildPhase</string>
			<key>name</key>
			<string>[CP] Embed Pods Frameworks</string>
			<key>outputPaths</key>
			<array/>
			<key>runOnlyForDeploymentPostprocessing</key>
			<string>0</string>
			<key>shellPath</key>
			<string>/bin/sh</string>
			<key>shellScript</key>
			<string>"${SRCROOT}/Pods/Target Support Files/Pods-HackatonApp/Pods-HackatonApp-frameworks.sh"
</string>
			<key>showEnvVarsInLog</key>
			<string>0</string>
		</dict>
		<key>5040B30BD92F6DF8D39616B2</key>
		<dict>
			<key>buildActionMask</key>
			<string>2147483647</string>
			<key>files</key>
			<array/>
			<key>inputPaths</key>
			<array/>
			<key>isa</key>
			<string>PBXShellScriptBuildPhase</string>
			<key>name</key>
			<string>&#128230; Check Pods Manifest.lock</string>
			<key>outputPaths</key>
			<array/>
			<key>runOnlyForDeploymentPostprocessing</key>
			<string>0</string>
			<key>shellPath</key>
			<string>/bin/sh</string>
			<key>shellScript</key>
			<string>diff "${PODS_ROOT}/../Podfile.lock" "${PODS_ROOT}/Manifest.lock" &gt; /dev/null
if [[ $? != 0 ]] ; then
    cat &lt;&lt; EOM
error: The sandbox is not in sync with the Podfile.lock. Run 'pod install' or update your CocoaPods installation.
EOM
    exit 1
fi
</string>
			<key>showEnvVarsInLog</key>
			<string>0</string>
		</dict>
		<key>5063551B1DDFD8F800AEC84B</key>
		<dict>
			<key>children</key>
			<array>
				<string>506355261DDFD8F800AEC84B</string>
				<string>506355251DDFD8F800AEC84B</string>
				<string>D2CAB79589BAA428456841A4</string>
				<string>5F0C11DAF1915F43A7D1D8E6</string>
			</array>
			<key>isa</key>
			<string>PBXGroup</string>
			<key>sourceTree</key>
			<string>&lt;group&gt;</string>
		</dict>
		<key>5063551C1DDFD8F800AEC84B</key>
		<dict>
			<key>attributes</key>
			<dict>
				<key>LastUpgradeCheck</key>
				<string>0800</string>
				<key>ORGANIZATIONNAME</key>
				<string>Albert</string>
				<key>TargetAttributes</key>
				<dict>
					<key>506355231DDFD8F800AEC84B</key>
					<dict>
						<key>CreatedOnToolsVersion</key>
						<string>8.0</string>
						<key>LastSwiftMigration</key>
						<string>0800</string>
						<key>ProvisioningStyle</key>
						<string>Automatic</string>
					</dict>
				</dict>
			</dict>
			<key>buildConfigurationList</key>
			<string>5063551F1DDFD8F800AEC84B</string>
			<key>compatibilityVersion</key>
			<string>Xcode 3.2</string>
			<key>developmentRegion</key>
			<string>English</string>
			<key>hasScannedForEncodings</key>
			<string>0</string>
			<key>isa</key>
			<string>PBXProject</string>
			<key>knownRegions</key>
			<array>
				<string>en</string>
				<string>Base</string>
			</array>
			<key>mainGroup</key>
			<string>5063551B1DDFD8F800AEC84B</string>
			<key>productRefGroup</key>
			<string>506355251DDFD8F800AEC84B</string>
			<key>projectDirPath</key>
			<string></string>
			<key>projectReferences</key>
			<array/>
			<key>projectRoot</key>
			<string></string>
			<key>targets</key>
			<array>
				<string>506355231DDFD8F800AEC84B</string>
			</array>
		</dict>
		<key>5063551F1DDFD8F800AEC84B</key>
		<dict>
			<key>buildConfigurations</key>
			<array>
				<string>5063553C1DDFD8F800AEC84B</string>
				<string>5063553D1DDFD8F800AEC84B</string>
			</array>
			<key>defaultConfigurationIsVisible</key>
			<string>0</string>
			<key>defaultConfigurationName</key>
			<string>Release</string>
			<key>isa</key>
			<string>XCConfigurationList</string>
		</dict>
		<key>506355201DDFD8F800AEC84B</key>
		<dict>
			<key>buildActionMask</key>
			<string>2147483647</string>
			<key>files</key>
			<array>
				<string>D709A2681DE0281100F42086</string>
				<string>04E85D421DE056E9007DA2E7</string>
				<string>04E85D451DE05EDE007DA2E7</string>
				<string>D709A2651DE0281100F42086</string>
				<string>04E85D3C1DE02C41007DA2E7</string>
				<string>D709A2761DE08AF400F42086</string>
				<string>5063552C1DDFD8F800AEC84B</string>
				<string>506355351DDFD8F800AEC84B</string>
				<string>D709A2631DE0281100F42086</string>
				<string>D709A2671DE0281100F42086</string>
				<string>04E85D251DE0165B007DA2E7</string>
				<string>D709A2741DE0687800F42086</string>
				<string>04E85D2B1DE01C98007DA2E7</string>
				<string>04E85D391DE0258B007DA2E7</string>
				<string>04C335B71DE0050C005D633B</string>
				<string>D709A2641DE0281100F42086</string>
				<string>04E85D351DE01D9D007DA2E7</string>
				<string>D709A2611DE0281100F42086</string>
				<string>04E85D4A1DE0D22B007DA2E7</string>
				<string>506355291DDFD8F800AEC84B</string>
				<string>D709A2661DE0281100F42086</string>
				<string>D709A2581DE01FD400F42086</string>
				<string>D709A2621DE0281100F42086</string>
				<string>04E85D321DE01D78007DA2E7</string>
				<string>D709A26A1DE02C8B00F42086</string>
				<string>04E85D481DE0D21D007DA2E7</string>
			</array>
			<key>isa</key>
			<string>PBXSourcesBuildPhase</string>
			<key>runOnlyForDeploymentPostprocessing</key>
			<string>0</string>
		</dict>
		<key>506355211DDFD8F800AEC84B</key>
		<dict>
			<key>buildActionMask</key>
			<string>2147483647</string>
			<key>files</key>
			<array>
				<string>255120E061504B60EA1E391F</string>
			</array>
			<key>isa</key>
			<string>PBXFrameworksBuildPhase</string>
			<key>runOnlyForDeploymentPostprocessing</key>
			<string>0</string>
		</dict>
		<key>506355221DDFD8F800AEC84B</key>
		<dict>
			<key>buildActionMask</key>
			<string>2147483647</string>
			<key>files</key>
			<array>
				<string>04E85D511DE0D2E6007DA2E7</string>
				<string>5063553A1DDFD8F800AEC84B</string>
				<string>506355371DDFD8F800AEC84B</string>
				<string>04E85D531DE0D2F4007DA2E7</string>
				<string>506355321DDFD8F800AEC84B</string>
			</array>
			<key>isa</key>
			<string>PBXResourcesBuildPhase</string>
			<key>runOnlyForDeploymentPostprocessing</key>
			<string>0</string>
		</dict>
		<key>506355231DDFD8F800AEC84B</key>
		<dict>
			<key>buildConfigurationList</key>
			<string>5063553E1DDFD8F800AEC84B</string>
			<key>buildPhases</key>
			<array>
				<string>5040B30BD92F6DF8D39616B2</string>
				<string>FBD74A0A7B935F5564A9ED29</string>
				<string>506355201DDFD8F800AEC84B</string>
				<string>506355211DDFD8F800AEC84B</string>
				<string>506355221DDFD8F800AEC84B</string>
				<string>31150A5D5063798F57F1891F</string>
				<string>52906016A13EE11443B21DC4</string>
				<string>5E7E01280D7A997C228722D1</string>
				<string>BA73513A60A32CA89B5214DF</string>
			</array>
			<key>buildRules</key>
			<array/>
			<key>dependencies</key>
			<array/>
			<key>isa</key>
			<string>PBXNativeTarget</string>
			<key>name</key>
			<string>HackatonApp</string>
			<key>productName</key>
			<string>HackatonApp</string>
			<key>productReference</key>
			<string>506355241DDFD8F800AEC84B</string>
			<key>productType</key>
			<string>com.apple.product-type.application</string>
		</dict>
		<key>506355241DDFD8F800AEC84B</key>
		<dict>
			<key>explicitFileType</key>
			<string>wrapper.application</string>
			<key>includeInIndex</key>
			<string>0</string>
			<key>isa</key>
			<string>PBXFileReference</string>
			<key>path</key>
			<string>HackatonApp.app</string>
			<key>sourceTree</key>
			<string>BUILT_PRODUCTS_DIR</string>
		</dict>
		<key>506355251DDFD8F800AEC84B</key>
		<dict>
			<key>children</key>
			<array>
				<string>506355241DDFD8F800AEC84B</string>
			</array>
			<key>isa</key>
			<string>PBXGroup</string>
			<key>name</key>
			<string>Products</string>
			<key>sourceTree</key>
			<string>&lt;group&gt;</string>
		</dict>
		<key>506355261DDFD8F800AEC84B</key>
		<dict>
			<key>children</key>
			<array>
				<string>04E85D4B1DE0D2C6007DA2E7</string>
				<string>04E85D361DE0257B007DA2E7</string>
				<string>04E85D2C1DE01D5E007DA2E7</string>
				<string>04E85D2E1DE01D5E007DA2E7</string>
				<string>04E85D211DE01615007DA2E7</string>
				<string>04C335B11DE004F0005D633B</string>
				<string>D709A2711DE062D900F42086</string>
				<string>04C335B21DE004F0005D633B</string>
				<string>04C335B41DE004F0005D633B</string>
				<string>5063552A1DDFD8F800AEC84B</string>
				<string>5063552B1DDFD8F800AEC84B</string>
				<string>506355301DDFD8F800AEC84B</string>
				<string>506355361DDFD8F800AEC84B</string>
				<string>506355381DDFD8F800AEC84B</string>
				<string>5063553B1DDFD8F800AEC84B</string>
				<string>506355331DDFD8F800AEC84B</string>
				<string>506355271DDFD8F800AEC84B</string>
				<string>D709A2691DE02C8B00F42086</string>
			</array>
			<key>isa</key>
			<string>PBXGroup</string>
			<key>path</key>
			<string>HackatonApp</string>
			<key>sourceTree</key>
			<string>&lt;group&gt;</string>
		</dict>
		<key>506355271DDFD8F800AEC84B</key>
		<dict>
			<key>children</key>
			<array>
				<string>506355281DDFD8F800AEC84B</string>
				<string>04E85D271DE0172A007DA2E7</string>
				<string>04E85D281DE0176D007DA2E7</string>
			</array>
			<key>isa</key>
			<string>PBXGroup</string>
			<key>name</key>
			<string>Supporting Files</string>
			<key>sourceTree</key>
			<string>&lt;group&gt;</string>
		</dict>
		<key>506355281DDFD8F800AEC84B</key>
		<dict>
			<key>isa</key>
			<string>PBXFileReference</string>
			<key>lastKnownFileType</key>
			<string>sourcecode.c.objc</string>
			<key>path</key>
			<string>main.m</string>
			<key>sourceTree</key>
			<string>&lt;group&gt;</string>
		</dict>
		<key>506355291DDFD8F800AEC84B</key>
		<dict>
			<key>fileRef</key>
			<string>506355281DDFD8F800AEC84B</string>
			<key>isa</key>
			<string>PBXBuildFile</string>
		</dict>
		<key>5063552A1DDFD8F800AEC84B</key>
		<dict>
			<key>isa</key>
			<string>PBXFileReference</string>
			<key>lastKnownFileType</key>
			<string>sourcecode.c.h</string>
			<key>path</key>
			<string>AppDelegate.h</string>
			<key>sourceTree</key>
			<string>&lt;group&gt;</string>
		</dict>
		<key>5063552B1DDFD8F800AEC84B</key>
		<dict>
			<key>isa</key>
			<string>PBXFileReference</string>
			<key>lastKnownFileType</key>
			<string>sourcecode.c.objc</string>
			<key>path</key>
			<string>AppDelegate.m</string>
			<key>sourceTree</key>
			<string>&lt;group&gt;</string>
		</dict>
		<key>5063552C1DDFD8F800AEC84B</key>
		<dict>
			<key>fileRef</key>
			<string>5063552B1DDFD8F800AEC84B</string>
			<key>isa</key>
			<string>PBXBuildFile</string>
		</dict>
		<key>506355301DDFD8F800AEC84B</key>
		<dict>
			<key>children</key>
			<array>
				<string>506355311DDFD8F800AEC84B</string>
			</array>
			<key>isa</key>
			<string>PBXVariantGroup</string>
			<key>name</key>
			<string>Main.storyboard</string>
			<key>sourceTree</key>
			<string>&lt;group&gt;</string>
		</dict>
		<key>506355311DDFD8F800AEC84B</key>
		<dict>
			<key>isa</key>
			<string>PBXFileReference</string>
			<key>lastKnownFileType</key>
			<string>file.storyboard</string>
			<key>name</key>
			<string>Base</string>
			<key>path</key>
			<string>Base.lproj/Main.storyboard</string>
			<key>sourceTree</key>
			<string>&lt;group&gt;</string>
		</dict>
		<key>506355321DDFD8F800AEC84B</key>
		<dict>
			<key>fileRef</key>
			<string>506355301DDFD8F800AEC84B</string>
			<key>isa</key>
			<string>PBXBuildFile</string>
		</dict>
		<key>506355331DDFD8F800AEC84B</key>
		<dict>
			<key>children</key>
			<array>
				<string>506355341DDFD8F800AEC84B</string>
			</array>
			<key>currentVersion</key>
			<string>506355341DDFD8F800AEC84B</string>
			<key>isa</key>
			<string>XCVersionGroup</string>
			<key>path</key>
			<string>HackatonApp.xcdatamodeld</string>
			<key>sourceTree</key>
			<string>&lt;group&gt;</string>
			<key>versionGroupType</key>
			<string>wrapper.xcdatamodel</string>
		</dict>
		<key>506355341DDFD8F800AEC84B</key>
		<dict>
			<key>isa</key>
			<string>PBXFileReference</string>
			<key>lastKnownFileType</key>
			<string>wrapper.xcdatamodel</string>
			<key>path</key>
			<string>HackatonApp.xcdatamodel</string>
			<key>sourceTree</key>
			<string>&lt;group&gt;</string>
		</dict>
		<key>506355351DDFD8F800AEC84B</key>
		<dict>
			<key>fileRef</key>
			<string>506355331DDFD8F800AEC84B</string>
			<key>isa</key>
			<string>PBXBuildFile</string>
		</dict>
		<key>506355361DDFD8F800AEC84B</key>
		<dict>
			<key>isa</key>
			<string>PBXFileReference</string>
			<key>lastKnownFileType</key>
			<string>folder.assetcatalog</string>
			<key>path</key>
			<string>Assets.xcassets</string>
			<key>sourceTree</key>
			<string>&lt;group&gt;</string>
		</dict>
		<key>506355371DDFD8F800AEC84B</key>
		<dict>
			<key>fileRef</key>
			<string>506355361DDFD8F800AEC84B</string>
			<key>isa</key>
			<string>PBXBuildFile</string>
		</dict>
		<key>506355381DDFD8F800AEC84B</key>
		<dict>
			<key>children</key>
			<array>
				<string>506355391DDFD8F800AEC84B</string>
			</array>
			<key>isa</key>
			<string>PBXVariantGroup</string>
			<key>name</key>
			<string>LaunchScreen.storyboard</string>
			<key>sourceTree</key>
			<string>&lt;group&gt;</string>
		</dict>
		<key>506355391DDFD8F800AEC84B</key>
		<dict>
			<key>isa</key>
			<string>PBXFileReference</string>
			<key>lastKnownFileType</key>
			<string>file.storyboard</string>
			<key>name</key>
			<string>Base</string>
			<key>path</key>
			<string>Base.lproj/LaunchScreen.storyboard</string>
			<key>sourceTree</key>
			<string>&lt;group&gt;</string>
		</dict>
		<key>5063553A1DDFD8F800AEC84B</key>
		<dict>
			<key>fileRef</key>
			<string>506355381DDFD8F800AEC84B</string>
			<key>isa</key>
			<string>PBXBuildFile</string>
		</dict>
		<key>5063553B1DDFD8F800AEC84B</key>
		<dict>
			<key>isa</key>
			<string>PBXFileReference</string>
			<key>lastKnownFileType</key>
			<string>text.plist.xml</string>
			<key>path</key>
			<string>Info.plist</string>
			<key>sourceTree</key>
			<string>&lt;group&gt;</string>
		</dict>
		<key>5063553C1DDFD8F800AEC84B</key>
		<dict>
			<key>buildSettings</key>
			<dict>
				<key>ALWAYS_SEARCH_USER_PATHS</key>
				<string>NO</string>
				<key>CLANG_ANALYZER_NONNULL</key>
				<string>YES</string>
				<key>CLANG_CXX_LANGUAGE_STANDARD</key>
				<string>gnu++0x</string>
				<key>CLANG_CXX_LIBRARY</key>
				<string>libc++</string>
				<key>CLANG_ENABLE_MODULES</key>
				<string>YES</string>
				<key>CLANG_ENABLE_OBJC_ARC</key>
				<string>YES</string>
				<key>CLANG_WARN_BOOL_CONVERSION</key>
				<string>YES</string>
				<key>CLANG_WARN_CONSTANT_CONVERSION</key>
				<string>YES</string>
				<key>CLANG_WARN_DIRECT_OBJC_ISA_USAGE</key>
				<string>YES_ERROR</string>
				<key>CLANG_WARN_DOCUMENTATION_COMMENTS</key>
				<string>YES</string>
				<key>CLANG_WARN_EMPTY_BODY</key>
				<string>YES</string>
				<key>CLANG_WARN_ENUM_CONVERSION</key>
				<string>YES</string>
				<key>CLANG_WARN_INFINITE_RECURSION</key>
				<string>YES</string>
				<key>CLANG_WARN_INT_CONVERSION</key>
				<string>YES</string>
				<key>CLANG_WARN_OBJC_ROOT_CLASS</key>
				<string>YES_ERROR</string>
				<key>CLANG_WARN_SUSPICIOUS_MOVE</key>
				<string>YES</string>
				<key>CLANG_WARN_SUSPICIOUS_MOVES</key>
				<string>YES</string>
				<key>CLANG_WARN_UNREACHABLE_CODE</key>
				<string>YES</string>
				<key>CLANG_WARN__DUPLICATE_METHOD_MATCH</key>
				<string>YES</string>
				<key>CODE_SIGN_IDENTITY[sdk=iphoneos*]</key>
				<string>iPhone Developer</string>
				<key>COPY_PHASE_STRIP</key>
				<string>NO</string>
				<key>DEBUG_INFORMATION_FORMAT</key>
				<string>dwarf</string>
				<key>ENABLE_STRICT_OBJC_MSGSEND</key>
				<string>YES</string>
				<key>ENABLE_TESTABILITY</key>
				<string>YES</string>
				<key>GCC_C_LANGUAGE_STANDARD</key>
				<string>gnu99</string>
				<key>GCC_DYNAMIC_NO_PIC</key>
				<string>NO</string>
				<key>GCC_NO_COMMON_BLOCKS</key>
				<string>YES</string>
				<key>GCC_OPTIMIZATION_LEVEL</key>
				<string>0</string>
				<key>GCC_PREPROCESSOR_DEFINITIONS</key>
				<array>
					<string>DEBUG=1</string>
					<string>$(inherited)</string>
				</array>
				<key>GCC_WARN_64_TO_32_BIT_CONVERSION</key>
				<string>YES</string>
				<key>GCC_WARN_ABOUT_RETURN_TYPE</key>
				<string>YES_ERROR</string>
				<key>GCC_WARN_UNDECLARED_SELECTOR</key>
				<string>YES</string>
				<key>GCC_WARN_UNINITIALIZED_AUTOS</key>
				<string>YES_AGGRESSIVE</string>
				<key>GCC_WARN_UNUSED_FUNCTION</key>
				<string>YES</string>
				<key>GCC_WARN_UNUSED_VARIABLE</key>
				<string>YES</string>
				<key>IPHONEOS_DEPLOYMENT_TARGET</key>
				<string>10.0</string>
				<key>MTL_ENABLE_DEBUG_INFO</key>
				<string>YES</string>
				<key>ONLY_ACTIVE_ARCH</key>
				<string>YES</string>
				<key>SDKROOT</key>
				<string>iphoneos</string>
				<key>TARGETED_DEVICE_FAMILY</key>
				<string>1,2</string>
			</dict>
			<key>isa</key>
			<string>XCBuildConfiguration</string>
			<key>name</key>
			<string>Debug</string>
		</dict>
		<key>5063553D1DDFD8F800AEC84B</key>
		<dict>
			<key>buildSettings</key>
			<dict>
				<key>ALWAYS_SEARCH_USER_PATHS</key>
				<string>NO</string>
				<key>CLANG_ANALYZER_NONNULL</key>
				<string>YES</string>
				<key>CLANG_CXX_LANGUAGE_STANDARD</key>
				<string>gnu++0x</string>
				<key>CLANG_CXX_LIBRARY</key>
				<string>libc++</string>
				<key>CLANG_ENABLE_MODULES</key>
				<string>YES</string>
				<key>CLANG_ENABLE_OBJC_ARC</key>
				<string>YES</string>
				<key>CLANG_WARN_BOOL_CONVERSION</key>
				<string>YES</string>
				<key>CLANG_WARN_CONSTANT_CONVERSION</key>
				<string>YES</string>
				<key>CLANG_WARN_DIRECT_OBJC_ISA_USAGE</key>
				<string>YES_ERROR</string>
				<key>CLANG_WARN_DOCUMENTATION_COMMENTS</key>
				<string>YES</string>
				<key>CLANG_WARN_EMPTY_BODY</key>
				<string>YES</string>
				<key>CLANG_WARN_ENUM_CONVERSION</key>
				<string>YES</string>
				<key>CLANG_WARN_INFINITE_RECURSION</key>
				<string>YES</string>
				<key>CLANG_WARN_INT_CONVERSION</key>
				<string>YES</string>
				<key>CLANG_WARN_OBJC_ROOT_CLASS</key>
				<string>YES_ERROR</string>
				<key>CLANG_WARN_SUSPICIOUS_MOVE</key>
				<string>YES</string>
				<key>CLANG_WARN_SUSPICIOUS_MOVES</key>
				<string>YES</string>
				<key>CLANG_WARN_UNREACHABLE_CODE</key>
				<string>YES</string>
				<key>CLANG_WARN__DUPLICATE_METHOD_MATCH</key>
				<string>YES</string>
				<key>CODE_SIGN_IDENTITY[sdk=iphoneos*]</key>
				<string>iPhone Developer</string>
				<key>COPY_PHASE_STRIP</key>
				<string>NO</string>
				<key>DEBUG_INFORMATION_FORMAT</key>
				<string>dwarf-with-dsym</string>
				<key>ENABLE_NS_ASSERTIONS</key>
				<string>NO</string>
				<key>ENABLE_STRICT_OBJC_MSGSEND</key>
				<string>YES</string>
				<key>GCC_C_LANGUAGE_STANDARD</key>
				<string>gnu99</string>
				<key>GCC_NO_COMMON_BLOCKS</key>
				<string>YES</string>
				<key>GCC_WARN_64_TO_32_BIT_CONVERSION</key>
				<string>YES</string>
				<key>GCC_WARN_ABOUT_RETURN_TYPE</key>
				<string>YES_ERROR</string>
				<key>GCC_WARN_UNDECLARED_SELECTOR</key>
				<string>YES</string>
				<key>GCC_WARN_UNINITIALIZED_AUTOS</key>
				<string>YES_AGGRESSIVE</string>
				<key>GCC_WARN_UNUSED_FUNCTION</key>
				<string>YES</string>
				<key>GCC_WARN_UNUSED_VARIABLE</key>
				<string>YES</string>
				<key>IPHONEOS_DEPLOYMENT_TARGET</key>
				<string>10.0</string>
				<key>MTL_ENABLE_DEBUG_INFO</key>
				<string>NO</string>
				<key>SDKROOT</key>
				<string>iphoneos</string>
				<key>SWIFT_OPTIMIZATION_LEVEL</key>
				<string>-Owholemodule</string>
				<key>TARGETED_DEVICE_FAMILY</key>
				<string>1,2</string>
				<key>VALIDATE_PRODUCT</key>
				<string>YES</string>
			</dict>
			<key>isa</key>
			<string>XCBuildConfiguration</string>
			<key>name</key>
			<string>Release</string>
		</dict>
		<key>5063553E1DDFD8F800AEC84B</key>
		<dict>
			<key>buildConfigurations</key>
			<array>
				<string>5063553F1DDFD8F800AEC84B</string>
				<string>506355401DDFD8F800AEC84B</string>
			</array>
			<key>defaultConfigurationIsVisible</key>
			<string>0</string>
			<key>defaultConfigurationName</key>
			<string>Release</string>
			<key>isa</key>
			<string>XCConfigurationList</string>
		</dict>
		<key>5063553F1DDFD8F800AEC84B</key>
		<dict>
			<key>baseConfigurationReference</key>
			<string>9376501FD978EF51448B65F7</string>
			<key>buildSettings</key>
			<dict>
				<key>ASSETCATALOG_COMPILER_APPICON_NAME</key>
				<string>AppIcon</string>
				<key>CLANG_ENABLE_MODULES</key>
				<string>YES</string>
				<key>DEVELOPMENT_TEAM</key>
				<string></string>
				<key>GCC_PREFIX_HEADER</key>
				<string>HackatonApp/HAPrefixHeader.pch</string>
				<key>INFOPLIST_FILE</key>
				<string>HackatonApp/Info.plist</string>
				<key>LD_RUNPATH_SEARCH_PATHS</key>
				<string>$(inherited) @executable_path/Frameworks</string>
				<key>PRODUCT_BUNDLE_IDENTIFIER</key>
				<string>HA.HackatonApp</string>
				<key>PRODUCT_NAME</key>
				<string>$(TARGET_NAME)</string>
				<key>SWIFT_OBJC_BRIDGING_HEADER</key>
				<string>HackatonApp/Database/HackatonApp-Bridging-Header.h</string>
				<key>SWIFT_OPTIMIZATION_LEVEL</key>
				<string>-Onone</string>
				<key>SWIFT_VERSION</key>
				<string>3.0</string>
			</dict>
			<key>isa</key>
			<string>XCBuildConfiguration</string>
			<key>name</key>
			<string>Debug</string>
		</dict>
		<key>506355401DDFD8F800AEC84B</key>
		<dict>
			<key>baseConfigurationReference</key>
			<string>D4C6DEB739557E9E51A7FD3E</string>
			<key>buildSettings</key>
			<dict>
				<key>ASSETCATALOG_COMPILER_APPICON_NAME</key>
				<string>AppIcon</string>
				<key>CLANG_ENABLE_MODULES</key>
				<string>YES</string>
				<key>DEVELOPMENT_TEAM</key>
				<string></string>
				<key>GCC_PREFIX_HEADER</key>
				<string>HackatonApp/HAPrefixHeader.pch</string>
				<key>INFOPLIST_FILE</key>
				<string>HackatonApp/Info.plist</string>
				<key>LD_RUNPATH_SEARCH_PATHS</key>
				<string>$(inherited) @executable_path/Frameworks</string>
				<key>PRODUCT_BUNDLE_IDENTIFIER</key>
				<string>HA.HackatonApp</string>
				<key>PRODUCT_NAME</key>
				<string>$(TARGET_NAME)</string>
				<key>SWIFT_OBJC_BRIDGING_HEADER</key>
				<string>HackatonApp/Database/HackatonApp-Bridging-Header.h</string>
				<key>SWIFT_VERSION</key>
				<string>3.0</string>
			</dict>
			<key>isa</key>
			<string>XCBuildConfiguration</string>
			<key>name</key>
			<string>Release</string>
		</dict>
		<key>52906016A13EE11443B21DC4</key>
		<dict>
			<key>buildActionMask</key>
			<string>2147483647</string>
			<key>files</key>
			<array/>
			<key>inputPaths</key>
			<array/>
			<key>isa</key>
			<string>PBXShellScriptBuildPhase</string>
			<key>name</key>
			<string>[CP] Copy Pods Resources</string>
			<key>outputPaths</key>
			<array/>
			<key>runOnlyForDeploymentPostprocessing</key>
			<string>0</string>
			<key>shellPath</key>
			<string>/bin/sh</string>
			<key>shellScript</key>
			<string>"${SRCROOT}/Pods/Target Support Files/Pods-HackatonApp/Pods-HackatonApp-resources.sh"
</string>
			<key>showEnvVarsInLog</key>
			<string>0</string>
		</dict>
		<key>5E7E01280D7A997C228722D1</key>
		<dict>
			<key>buildActionMask</key>
			<string>2147483647</string>
			<key>files</key>
			<array/>
			<key>inputPaths</key>
			<array/>
			<key>isa</key>
			<string>PBXShellScriptBuildPhase</string>
			<key>name</key>
			<string>&#128230; Embed Pods Frameworks</string>
			<key>outputPaths</key>
			<array/>
			<key>runOnlyForDeploymentPostprocessing</key>
			<string>0</string>
			<key>shellPath</key>
			<string>/bin/sh</string>
			<key>shellScript</key>
			<string>"${SRCROOT}/Pods/Target Support Files/Pods-HackatonApp/Pods-HackatonApp-frameworks.sh"
</string>
			<key>showEnvVarsInLog</key>
			<string>0</string>
		</dict>
		<key>5F0C11DAF1915F43A7D1D8E6</key>
		<dict>
			<key>children</key>
			<array>
				<string>9018F3213D675048ABD73C59</string>
			</array>
			<key>isa</key>
			<string>PBXGroup</string>
			<key>name</key>
			<string>Frameworks</string>
			<key>sourceTree</key>
			<string>&lt;group&gt;</string>
		</dict>
		<key>9018F3213D675048ABD73C59</key>
		<dict>
			<key>explicitFileType</key>
			<string>wrapper.framework</string>
			<key>includeInIndex</key>
			<string>0</string>
			<key>isa</key>
			<string>PBXFileReference</string>
			<key>path</key>
			<string>Pods_HackatonApp.framework</string>
			<key>sourceTree</key>
			<string>BUILT_PRODUCTS_DIR</string>
		</dict>
		<key>9376501FD978EF51448B65F7</key>
		<dict>
			<key>includeInIndex</key>
			<string>1</string>
			<key>isa</key>
			<string>PBXFileReference</string>
			<key>lastKnownFileType</key>
			<string>text.xcconfig</string>
			<key>name</key>
			<string>Pods-HackatonApp.debug.xcconfig</string>
			<key>path</key>
			<string>Pods/Target Support Files/Pods-HackatonApp/Pods-HackatonApp.debug.xcconfig</string>
			<key>sourceTree</key>
			<string>&lt;group&gt;</string>
		</dict>
		<key>BA73513A60A32CA89B5214DF</key>
		<dict>
			<key>buildActionMask</key>
			<string>2147483647</string>
			<key>files</key>
			<array/>
			<key>inputPaths</key>
			<array/>
			<key>isa</key>
			<string>PBXShellScriptBuildPhase</string>
			<key>name</key>
			<string>&#128230; Copy Pods Resources</string>
			<key>outputPaths</key>
			<array/>
			<key>runOnlyForDeploymentPostprocessing</key>
			<string>0</string>
			<key>shellPath</key>
			<string>/bin/sh</string>
			<key>shellScript</key>
			<string>"${SRCROOT}/Pods/Target Support Files/Pods-HackatonApp/Pods-HackatonApp-resources.sh"
</string>
			<key>showEnvVarsInLog</key>
			<string>0</string>
		</dict>
		<key>D2CAB79589BAA428456841A4</key>
		<dict>
			<key>children</key>
			<array>
				<string>9376501FD978EF51448B65F7</string>
				<string>D4C6DEB739557E9E51A7FD3E</string>
			</array>
			<key>isa</key>
			<string>PBXGroup</string>
			<key>name</key>
			<string>Pods</string>
			<key>sourceTree</key>
			<string>&lt;group&gt;</string>
		</dict>
		<key>D4C6DEB739557E9E51A7FD3E</key>
		<dict>
			<key>includeInIndex</key>
			<string>1</string>
			<key>isa</key>
			<string>PBXFileReference</string>
			<key>lastKnownFileType</key>
			<string>text.xcconfig</string>
			<key>name</key>
			<string>Pods-HackatonApp.release.xcconfig</string>
			<key>path</key>
			<string>Pods/Target Support Files/Pods-HackatonApp/Pods-HackatonApp.release.xcconfig</string>
			<key>sourceTree</key>
			<string>&lt;group&gt;</string>
		</dict>
		<key>D709A2561DE01F8200F42086</key>
		<dict>
			<key>children</key>
			<array>
				<string>D709A2591DE0281100F42086</string>
				<string>D709A25A1DE0281100F42086</string>
				<string>D709A25B1DE0281100F42086</string>
				<string>D709A25C1DE0281100F42086</string>
				<string>D709A25D1DE0281100F42086</string>
				<string>D709A25E1DE0281100F42086</string>
				<string>D709A25F1DE0281100F42086</string>
				<string>D709A2601DE0281100F42086</string>
				<string>D709A2571DE01FD400F42086</string>
			</array>
			<key>isa</key>
			<string>PBXGroup</string>
			<key>path</key>
			<string>Core Data</string>
			<key>sourceTree</key>
			<string>&lt;group&gt;</string>
		</dict>
		<key>D709A2571DE01FD400F42086</key>
		<dict>
			<key>fileEncoding</key>
			<string>4</string>
			<key>isa</key>
			<string>PBXFileReference</string>
			<key>lastKnownFileType</key>
			<string>sourcecode.swift</string>
			<key>path</key>
			<string>CoreDataManager.swift</string>
			<key>sourceTree</key>
			<string>&lt;group&gt;</string>
		</dict>
		<key>D709A2581DE01FD400F42086</key>
		<dict>
			<key>fileRef</key>
			<string>D709A2571DE01FD400F42086</string>
			<key>isa</key>
			<string>PBXBuildFile</string>
		</dict>
		<key>D709A2591DE0281100F42086</key>
		<dict>
			<key>fileEncoding</key>
			<string>4</string>
			<key>isa</key>
			<string>PBXFileReference</string>
			<key>lastKnownFileType</key>
			<string>sourcecode.swift</string>
			<key>path</key>
			<string>Node+CoreDataClass.swift</string>
			<key>sourceTree</key>
			<string>&lt;group&gt;</string>
		</dict>
		<key>D709A25A1DE0281100F42086</key>
		<dict>
			<key>fileEncoding</key>
			<string>4</string>
			<key>isa</key>
			<string>PBXFileReference</string>
			<key>lastKnownFileType</key>
			<string>sourcecode.swift</string>
			<key>path</key>
			<string>Node+CoreDataProperties.swift</string>
			<key>sourceTree</key>
			<string>&lt;group&gt;</string>
		</dict>
		<key>D709A25B1DE0281100F42086</key>
		<dict>
			<key>fileEncoding</key>
			<string>4</string>
			<key>isa</key>
			<string>PBXFileReference</string>
			<key>lastKnownFileType</key>
			<string>sourcecode.swift</string>
			<key>path</key>
			<string>RouteCategory+CoreDataClass.swift</string>
			<key>sourceTree</key>
			<string>&lt;group&gt;</string>
		</dict>
		<key>D709A25C1DE0281100F42086</key>
		<dict>
			<key>fileEncoding</key>
			<string>4</string>
			<key>isa</key>
			<string>PBXFileReference</string>
			<key>lastKnownFileType</key>
			<string>sourcecode.swift</string>
			<key>path</key>
			<string>RouteCategory+CoreDataProperties.swift</string>
			<key>sourceTree</key>
			<string>&lt;group&gt;</string>
		</dict>
		<key>D709A25D1DE0281100F42086</key>
		<dict>
			<key>fileEncoding</key>
			<string>4</string>
			<key>isa</key>
			<string>PBXFileReference</string>
			<key>lastKnownFileType</key>
			<string>sourcecode.swift</string>
			<key>path</key>
			<string>Gallery+CoreDataClass.swift</string>
			<key>sourceTree</key>
			<string>&lt;group&gt;</string>
		</dict>
		<key>D709A25E1DE0281100F42086</key>
		<dict>
			<key>fileEncoding</key>
			<string>4</string>
			<key>isa</key>
			<string>PBXFileReference</string>
			<key>lastKnownFileType</key>
			<string>sourcecode.swift</string>
			<key>path</key>
			<string>Gallery+CoreDataProperties.swift</string>
			<key>sourceTree</key>
			<string>&lt;group&gt;</string>
		</dict>
		<key>D709A25F1DE0281100F42086</key>
		<dict>
			<key>fileEncoding</key>
			<string>4</string>
			<key>isa</key>
			<string>PBXFileReference</string>
			<key>lastKnownFileType</key>
			<string>sourcecode.swift</string>
			<key>path</key>
			<string>Route+CoreDataClass.swift</string>
			<key>sourceTree</key>
			<string>&lt;group&gt;</string>
		</dict>
		<key>D709A2601DE0281100F42086</key>
		<dict>
			<key>fileEncoding</key>
			<string>4</string>
			<key>isa</key>
			<string>PBXFileReference</string>
			<key>lastKnownFileType</key>
			<string>sourcecode.swift</string>
			<key>path</key>
			<string>Route+CoreDataProperties.swift</string>
			<key>sourceTree</key>
			<string>&lt;group&gt;</string>
		</dict>
		<key>D709A2611DE0281100F42086</key>
		<dict>
			<key>fileRef</key>
			<string>D709A2591DE0281100F42086</string>
			<key>isa</key>
			<string>PBXBuildFile</string>
		</dict>
		<key>D709A2621DE0281100F42086</key>
		<dict>
			<key>fileRef</key>
			<string>D709A25A1DE0281100F42086</string>
			<key>isa</key>
			<string>PBXBuildFile</string>
		</dict>
		<key>D709A2631DE0281100F42086</key>
		<dict>
			<key>fileRef</key>
			<string>D709A25B1DE0281100F42086</string>
			<key>isa</key>
			<string>PBXBuildFile</string>
		</dict>
		<key>D709A2641DE0281100F42086</key>
		<dict>
			<key>fileRef</key>
			<string>D709A25C1DE0281100F42086</string>
			<key>isa</key>
			<string>PBXBuildFile</string>
		</dict>
		<key>D709A2651DE0281100F42086</key>
		<dict>
			<key>fileRef</key>
			<string>D709A25D1DE0281100F42086</string>
			<key>isa</key>
			<string>PBXBuildFile</string>
		</dict>
		<key>D709A2661DE0281100F42086</key>
		<dict>
			<key>fileRef</key>
			<string>D709A25E1DE0281100F42086</string>
			<key>isa</key>
			<string>PBXBuildFile</string>
		</dict>
		<key>D709A2671DE0281100F42086</key>
		<dict>
			<key>fileRef</key>
			<string>D709A25F1DE0281100F42086</string>
			<key>isa</key>
			<string>PBXBuildFile</string>
		</dict>
		<key>D709A2681DE0281100F42086</key>
		<dict>
			<key>fileRef</key>
			<string>D709A2601DE0281100F42086</string>
			<key>isa</key>
			<string>PBXBuildFile</string>
		</dict>
		<key>D709A2691DE02C8B00F42086</key>
		<dict>
			<key>fileEncoding</key>
			<string>4</string>
			<key>isa</key>
			<string>PBXFileReference</string>
			<key>lastKnownFileType</key>
			<string>sourcecode.swift</string>
			<key>path</key>
			<string>Extansions.swift</string>
			<key>sourceTree</key>
			<string>&lt;group&gt;</string>
		</dict>
		<key>D709A26A1DE02C8B00F42086</key>
		<dict>
			<key>fileRef</key>
			<string>D709A2691DE02C8B00F42086</string>
			<key>isa</key>
			<string>PBXBuildFile</string>
		</dict>
		<key>D709A2711DE062D900F42086</key>
		<dict>
			<key>children</key>
			<array>
				<string>D709A2721DE0630500F42086</string>
			</array>
			<key>isa</key>
			<string>PBXGroup</string>
			<key>path</key>
			<string>Models</string>
			<key>sourceTree</key>
			<string>&lt;group&gt;</string>
		</dict>
		<key>D709A2721DE0630500F42086</key>
		<dict>
			<key>children</key>
			<array>
				<string>04E85D491DE0D22B007DA2E7</string>
				<string>D709A2751DE08AF400F42086</string>
			</array>
			<key>isa</key>
			<string>PBXGroup</string>
			<key>path</key>
			<string>Route</string>
			<key>sourceTree</key>
			<string>&lt;group&gt;</string>
		</dict>
		<key>D709A2731DE0687800F42086</key>
		<dict>
			<key>fileEncoding</key>
			<string>4</string>
			<key>isa</key>
			<string>PBXFileReference</string>
			<key>lastKnownFileType</key>
			<string>sourcecode.swift</string>
			<key>path</key>
			<string>Sample.swift</string>
			<key>sourceTree</key>
			<string>&lt;group&gt;</string>
		</dict>
		<key>D709A2741DE0687800F42086</key>
		<dict>
			<key>fileRef</key>
			<string>D709A2731DE0687800F42086</string>
			<key>isa</key>
			<string>PBXBuildFile</string>
		</dict>
		<key>D709A2751DE08AF400F42086</key>
		<dict>
			<key>fileEncoding</key>
			<string>4</string>
			<key>isa</key>
			<string>PBXFileReference</string>
			<key>lastKnownFileType</key>
			<string>sourcecode.swift</string>
			<key>path</key>
			<string>RouteManager.swift</string>
			<key>sourceTree</key>
			<string>&lt;group&gt;</string>
		</dict>
		<key>D709A2761DE08AF400F42086</key>
		<dict>
			<key>fileRef</key>
			<string>D709A2751DE08AF400F42086</string>
			<key>isa</key>
			<string>PBXBuildFile</string>
		</dict>
		<key>FBD74A0A7B935F5564A9ED29</key>
		<dict>
			<key>buildActionMask</key>
			<string>2147483647</string>
			<key>files</key>
			<array/>
			<key>inputPaths</key>
			<array/>
			<key>isa</key>
			<string>PBXShellScriptBuildPhase</string>
			<key>name</key>
			<string>[CP] Check Pods Manifest.lock</string>
			<key>outputPaths</key>
			<array/>
			<key>runOnlyForDeploymentPostprocessing</key>
			<string>0</string>
			<key>shellPath</key>
			<string>/bin/sh</string>
			<key>shellScript</key>
			<string>diff "${PODS_ROOT}/../Podfile.lock" "${PODS_ROOT}/Manifest.lock" &gt; /dev/null
if [ $? != 0 ] ; then
    # print error to STDERR
    echo "error: The sandbox is not in sync with the Podfile.lock. Run 'pod install' or update your CocoaPods installation." &gt;&amp;2
    exit 1
fi
</string>
			<key>showEnvVarsInLog</key>
			<string>0</string>
		</dict>
	</dict>
	<key>rootObject</key>
	<string>5063551C1DDFD8F800AEC84B</string>
</dict>
</plist>
