// !$*UTF8*$!
{
	archiveVersion = 1;
	classes = {
	};
	objectVersion = 46;
	objects = {

/* Begin PBXBuildFile section */
		04C335B71DE0050C005D633B /* Database.swift in Sources */ = {isa = PBXBuildFile; fileRef = 04C335B61DE0050C005D633B /* Database.swift */; };
		04E85D251DE0165B007DA2E7 /* HANetworkManager.m in Sources */ = {isa = PBXBuildFile; fileRef = 04E85D241DE0165B007DA2E7 /* HANetworkManager.m */; };
		04E85D2B1DE01C98007DA2E7 /* HANMBaseComponent.m in Sources */ = {isa = PBXBuildFile; fileRef = 04E85D2A1DE01C98007DA2E7 /* HANMBaseComponent.m */; };
		04E85D321DE01D78007DA2E7 /* HAErrorHelper.m in Sources */ = {isa = PBXBuildFile; fileRef = 04E85D311DE01D78007DA2E7 /* HAErrorHelper.m */; };
		04E85D351DE01D9D007DA2E7 /* NSDictionary+Helper.m in Sources */ = {isa = PBXBuildFile; fileRef = 04E85D341DE01D9D007DA2E7 /* NSDictionary+Helper.m */; };
		04E85D391DE0258B007DA2E7 /* HASaveManager.m in Sources */ = {isa = PBXBuildFile; fileRef = 04E85D381DE0258B007DA2E7 /* HASaveManager.m */; };
		04E85D3C1DE02C41007DA2E7 /* HANMRoutesComponent.m in Sources */ = {isa = PBXBuildFile; fileRef = 04E85D3B1DE02C41007DA2E7 /* HANMRoutesComponent.m */; };
		04E85D421DE056E9007DA2E7 /* HAParseManager.m in Sources */ = {isa = PBXBuildFile; fileRef = 04E85D411DE056E9007DA2E7 /* HAParseManager.m */; };
		04E85D451DE05EDE007DA2E7 /* HASettingsManager.m in Sources */ = {isa = PBXBuildFile; fileRef = 04E85D441DE05EDE007DA2E7 /* HASettingsManager.m */; };
		04E85D481DE0D21D007DA2E7 /* MapViewController.m in Sources */ = {isa = PBXBuildFile; fileRef = 04E85D471DE0D21D007DA2E7 /* MapViewController.m */; };
		04E85D4A1DE0D22B007DA2E7 /* RouteModel.swift in Sources */ = {isa = PBXBuildFile; fileRef = 04E85D491DE0D22B007DA2E7 /* RouteModel.swift */; };
		04E85D511DE0D2E6007DA2E7 /* Feed.storyboard in Resources */ = {isa = PBXBuildFile; fileRef = 04E85D501DE0D2E6007DA2E7 /* Feed.storyboard */; };
		04E85D531DE0D2F4007DA2E7 /* Detail.storyboard in Resources */ = {isa = PBXBuildFile; fileRef = 04E85D521DE0D2F4007DA2E7 /* Detail.storyboard */; };
		04E85D571DE0D33D007DA2E7 /* HAFeedCell.m in Sources */ = {isa = PBXBuildFile; fileRef = 04E85D551DE0D33D007DA2E7 /* HAFeedCell.m */; };
		04E85D581DE0D33D007DA2E7 /* HAFeedCell.xib in Resources */ = {isa = PBXBuildFile; fileRef = 04E85D561DE0D33D007DA2E7 /* HAFeedCell.xib */; };
		04E85D5A1DE0D44C007DA2E7 /* Images.xcassets in Resources */ = {isa = PBXBuildFile; fileRef = 04E85D591DE0D44C007DA2E7 /* Images.xcassets */; };
		506355291DDFD8F800AEC84B /* main.m in Sources */ = {isa = PBXBuildFile; fileRef = 506355281DDFD8F800AEC84B /* main.m */; };
		5063552C1DDFD8F800AEC84B /* AppDelegate.m in Sources */ = {isa = PBXBuildFile; fileRef = 5063552B1DDFD8F800AEC84B /* AppDelegate.m */; };
		506355321DDFD8F800AEC84B /* Main.storyboard in Resources */ = {isa = PBXBuildFile; fileRef = 506355301DDFD8F800AEC84B /* Main.storyboard */; };
		506355351DDFD8F800AEC84B /* HackatonApp.xcdatamodeld in Sources */ = {isa = PBXBuildFile; fileRef = 506355331DDFD8F800AEC84B /* HackatonApp.xcdatamodeld */; };
		506355371DDFD8F800AEC84B /* Assets.xcassets in Resources */ = {isa = PBXBuildFile; fileRef = 506355361DDFD8F800AEC84B /* Assets.xcassets */; };
		5063553A1DDFD8F800AEC84B /* LaunchScreen.storyboard in Resources */ = {isa = PBXBuildFile; fileRef = 506355381DDFD8F800AEC84B /* LaunchScreen.storyboard */; };
		50A3AAC91DE0DB7E008C5CCD /* CustomSnippetView.m in Sources */ = {isa = PBXBuildFile; fileRef = 50A3AAC71DE0DB7E008C5CCD /* CustomSnippetView.m */; };
		50A3AACA1DE0DB7E008C5CCD /* CustomSnippetView.xib in Resources */ = {isa = PBXBuildFile; fileRef = 50A3AAC81DE0DB7E008C5CCD /* CustomSnippetView.xib */; };
		50A3AACE1DE1068A008C5CCD /* DetailTableViewController.swift in Sources */ = {isa = PBXBuildFile; fileRef = 50A3AACD1DE1068A008C5CCD /* DetailTableViewController.swift */; };
		64CB7BE1D20E4FFF6AE11499 /* libPods-HackatonApp.a in Frameworks */ = {isa = PBXBuildFile; fileRef = FAD12F85126459DE4DB05864 /* libPods-HackatonApp.a */; };
		D709A2581DE01FD400F42086 /* CoreDataManager.swift in Sources */ = {isa = PBXBuildFile; fileRef = D709A2571DE01FD400F42086 /* CoreDataManager.swift */; };
		D709A2611DE0281100F42086 /* Node+CoreDataClass.swift in Sources */ = {isa = PBXBuildFile; fileRef = D709A2591DE0281100F42086 /* Node+CoreDataClass.swift */; };
		D709A2621DE0281100F42086 /* Node+CoreDataProperties.swift in Sources */ = {isa = PBXBuildFile; fileRef = D709A25A1DE0281100F42086 /* Node+CoreDataProperties.swift */; };
		D709A2631DE0281100F42086 /* RouteCategory+CoreDataClass.swift in Sources */ = {isa = PBXBuildFile; fileRef = D709A25B1DE0281100F42086 /* RouteCategory+CoreDataClass.swift */; };
		D709A2641DE0281100F42086 /* RouteCategory+CoreDataProperties.swift in Sources */ = {isa = PBXBuildFile; fileRef = D709A25C1DE0281100F42086 /* RouteCategory+CoreDataProperties.swift */; };
		D709A2651DE0281100F42086 /* Gallery+CoreDataClass.swift in Sources */ = {isa = PBXBuildFile; fileRef = D709A25D1DE0281100F42086 /* Gallery+CoreDataClass.swift */; };
		D709A2661DE0281100F42086 /* Gallery+CoreDataProperties.swift in Sources */ = {isa = PBXBuildFile; fileRef = D709A25E1DE0281100F42086 /* Gallery+CoreDataProperties.swift */; };
		D709A2671DE0281100F42086 /* Route+CoreDataClass.swift in Sources */ = {isa = PBXBuildFile; fileRef = D709A25F1DE0281100F42086 /* Route+CoreDataClass.swift */; };
		D709A2681DE0281100F42086 /* Route+CoreDataProperties.swift in Sources */ = {isa = PBXBuildFile; fileRef = D709A2601DE0281100F42086 /* Route+CoreDataProperties.swift */; };
		D709A26A1DE02C8B00F42086 /* Extansions.swift in Sources */ = {isa = PBXBuildFile; fileRef = D709A2691DE02C8B00F42086 /* Extansions.swift */; };
		D709A2741DE0687800F42086 /* Sample.swift in Sources */ = {isa = PBXBuildFile; fileRef = D709A2731DE0687800F42086 /* Sample.swift */; };
		D709A2761DE08AF400F42086 /* RouteManager.swift in Sources */ = {isa = PBXBuildFile; fileRef = D709A2751DE08AF400F42086 /* RouteManager.swift */; };
		D78B59611DE0F04100FFF383 /* FeedViewController.swift in Sources */ = {isa = PBXBuildFile; fileRef = D78B59601DE0F04100FFF383 /* FeedViewController.swift */; };
		D78B59631DE0F08E00FFF383 /* SementedController.swift in Sources */ = {isa = PBXBuildFile; fileRef = D78B59621DE0F08E00FFF383 /* SementedController.swift */; };
/* End PBXBuildFile section */

/* Begin PBXFileReference section */
		04C335B51DE0050B005D633B /* HackatonApp-Bridging-Header.h */ = {isa = PBXFileReference; lastKnownFileType = sourcecode.c.h; path = "HackatonApp-Bridging-Header.h"; sourceTree = "<group>"; };
		04C335B61DE0050C005D633B /* Database.swift */ = {isa = PBXFileReference; fileEncoding = 4; lastKnownFileType = sourcecode.swift; path = Database.swift; sourceTree = "<group>"; };
		04E85D231DE0165B007DA2E7 /* HANetworkManager.h */ = {isa = PBXFileReference; fileEncoding = 4; lastKnownFileType = sourcecode.c.h; path = HANetworkManager.h; sourceTree = "<group>"; };
		04E85D241DE0165B007DA2E7 /* HANetworkManager.m */ = {isa = PBXFileReference; fileEncoding = 4; lastKnownFileType = sourcecode.c.objc; path = HANetworkManager.m; sourceTree = "<group>"; };
		04E85D261DE01677007DA2E7 /* HANetworkManagerTypedefs.h */ = {isa = PBXFileReference; lastKnownFileType = sourcecode.c.h; path = HANetworkManagerTypedefs.h; sourceTree = "<group>"; };
		04E85D271DE0172A007DA2E7 /* HADefines.h */ = {isa = PBXFileReference; fileEncoding = 4; lastKnownFileType = sourcecode.c.h; path = HADefines.h; sourceTree = "<group>"; };
		04E85D281DE0176D007DA2E7 /* HAPrefixHeader.pch */ = {isa = PBXFileReference; fileEncoding = 4; lastKnownFileType = sourcecode.c.h; path = HAPrefixHeader.pch; sourceTree = "<group>"; };
		04E85D291DE01C98007DA2E7 /* HANMBaseComponent.h */ = {isa = PBXFileReference; fileEncoding = 4; lastKnownFileType = sourcecode.c.h; path = HANMBaseComponent.h; sourceTree = "<group>"; };
		04E85D2A1DE01C98007DA2E7 /* HANMBaseComponent.m */ = {isa = PBXFileReference; fileEncoding = 4; lastKnownFileType = sourcecode.c.objc; path = HANMBaseComponent.m; sourceTree = "<group>"; };
		04E85D301DE01D78007DA2E7 /* HAErrorHelper.h */ = {isa = PBXFileReference; fileEncoding = 4; lastKnownFileType = sourcecode.c.h; path = HAErrorHelper.h; sourceTree = "<group>"; };
		04E85D311DE01D78007DA2E7 /* HAErrorHelper.m */ = {isa = PBXFileReference; fileEncoding = 4; lastKnownFileType = sourcecode.c.objc; path = HAErrorHelper.m; sourceTree = "<group>"; };
		04E85D331DE01D9D007DA2E7 /* NSDictionary+Helper.h */ = {isa = PBXFileReference; fileEncoding = 4; lastKnownFileType = sourcecode.c.h; path = "NSDictionary+Helper.h"; sourceTree = "<group>"; };
		04E85D341DE01D9D007DA2E7 /* NSDictionary+Helper.m */ = {isa = PBXFileReference; fileEncoding = 4; lastKnownFileType = sourcecode.c.objc; path = "NSDictionary+Helper.m"; sourceTree = "<group>"; };
		04E85D371DE0258B007DA2E7 /* HASaveManager.h */ = {isa = PBXFileReference; fileEncoding = 4; lastKnownFileType = sourcecode.c.h; path = HASaveManager.h; sourceTree = "<group>"; };
		04E85D381DE0258B007DA2E7 /* HASaveManager.m */ = {isa = PBXFileReference; fileEncoding = 4; lastKnownFileType = sourcecode.c.objc; path = HASaveManager.m; sourceTree = "<group>"; };
		04E85D3A1DE02C41007DA2E7 /* HANMRoutesComponent.h */ = {isa = PBXFileReference; fileEncoding = 4; lastKnownFileType = sourcecode.c.h; path = HANMRoutesComponent.h; sourceTree = "<group>"; };
		04E85D3B1DE02C41007DA2E7 /* HANMRoutesComponent.m */ = {isa = PBXFileReference; fileEncoding = 4; lastKnownFileType = sourcecode.c.objc; path = HANMRoutesComponent.m; sourceTree = "<group>"; };
		04E85D401DE056E9007DA2E7 /* HAParseManager.h */ = {isa = PBXFileReference; fileEncoding = 4; lastKnownFileType = sourcecode.c.h; path = HAParseManager.h; sourceTree = "<group>"; };
		04E85D411DE056E9007DA2E7 /* HAParseManager.m */ = {isa = PBXFileReference; fileEncoding = 4; lastKnownFileType = sourcecode.c.objc; path = HAParseManager.m; sourceTree = "<group>"; };
		04E85D431DE05EDE007DA2E7 /* HASettingsManager.h */ = {isa = PBXFileReference; fileEncoding = 4; lastKnownFileType = sourcecode.c.h; path = HASettingsManager.h; sourceTree = "<group>"; };
		04E85D441DE05EDE007DA2E7 /* HASettingsManager.m */ = {isa = PBXFileReference; fileEncoding = 4; lastKnownFileType = sourcecode.c.objc; path = HASettingsManager.m; sourceTree = "<group>"; };
		04E85D461DE0D21D007DA2E7 /* MapViewController.h */ = {isa = PBXFileReference; fileEncoding = 4; lastKnownFileType = sourcecode.c.h; path = MapViewController.h; sourceTree = "<group>"; };
		04E85D471DE0D21D007DA2E7 /* MapViewController.m */ = {isa = PBXFileReference; fileEncoding = 4; lastKnownFileType = sourcecode.c.objc; path = MapViewController.m; sourceTree = "<group>"; };
		04E85D491DE0D22B007DA2E7 /* RouteModel.swift */ = {isa = PBXFileReference; fileEncoding = 4; lastKnownFileType = sourcecode.swift; path = RouteModel.swift; sourceTree = "<group>"; };
		04E85D501DE0D2E6007DA2E7 /* Feed.storyboard */ = {isa = PBXFileReference; fileEncoding = 4; lastKnownFileType = file.storyboard; path = Feed.storyboard; sourceTree = "<group>"; };
		04E85D521DE0D2F4007DA2E7 /* Detail.storyboard */ = {isa = PBXFileReference; fileEncoding = 4; lastKnownFileType = file.storyboard; path = Detail.storyboard; sourceTree = "<group>"; };
		04E85D541DE0D33D007DA2E7 /* HAFeedCell.h */ = {isa = PBXFileReference; fileEncoding = 4; lastKnownFileType = sourcecode.c.h; path = HAFeedCell.h; sourceTree = "<group>"; };
		04E85D551DE0D33D007DA2E7 /* HAFeedCell.m */ = {isa = PBXFileReference; fileEncoding = 4; lastKnownFileType = sourcecode.c.objc; path = HAFeedCell.m; sourceTree = "<group>"; };
		04E85D561DE0D33D007DA2E7 /* HAFeedCell.xib */ = {isa = PBXFileReference; fileEncoding = 4; lastKnownFileType = file.xib; path = HAFeedCell.xib; sourceTree = "<group>"; };
		04E85D591DE0D44C007DA2E7 /* Images.xcassets */ = {isa = PBXFileReference; lastKnownFileType = folder.assetcatalog; path = Images.xcassets; sourceTree = "<group>"; };
		506355241DDFD8F800AEC84B /* HackatonApp.app */ = {isa = PBXFileReference; explicitFileType = wrapper.application; includeInIndex = 0; path = HackatonApp.app; sourceTree = BUILT_PRODUCTS_DIR; };
		506355281DDFD8F800AEC84B /* main.m */ = {isa = PBXFileReference; lastKnownFileType = sourcecode.c.objc; path = main.m; sourceTree = "<group>"; };
		5063552A1DDFD8F800AEC84B /* AppDelegate.h */ = {isa = PBXFileReference; lastKnownFileType = sourcecode.c.h; path = AppDelegate.h; sourceTree = "<group>"; };
		5063552B1DDFD8F800AEC84B /* AppDelegate.m */ = {isa = PBXFileReference; lastKnownFileType = sourcecode.c.objc; path = AppDelegate.m; sourceTree = "<group>"; };
		506355311DDFD8F800AEC84B /* Base */ = {isa = PBXFileReference; lastKnownFileType = file.storyboard; name = Base; path = Base.lproj/Main.storyboard; sourceTree = "<group>"; };
		506355341DDFD8F800AEC84B /* HackatonApp.xcdatamodel */ = {isa = PBXFileReference; lastKnownFileType = wrapper.xcdatamodel; path = HackatonApp.xcdatamodel; sourceTree = "<group>"; };
		506355361DDFD8F800AEC84B /* Assets.xcassets */ = {isa = PBXFileReference; lastKnownFileType = folder.assetcatalog; path = Assets.xcassets; sourceTree = "<group>"; };
		506355391DDFD8F800AEC84B /* Base */ = {isa = PBXFileReference; lastKnownFileType = file.storyboard; name = Base; path = Base.lproj/LaunchScreen.storyboard; sourceTree = "<group>"; };
		5063553B1DDFD8F800AEC84B /* Info.plist */ = {isa = PBXFileReference; lastKnownFileType = text.plist.xml; path = Info.plist; sourceTree = "<group>"; };
		50A3AAC61DE0DB7E008C5CCD /* CustomSnippetView.h */ = {isa = PBXFileReference; fileEncoding = 4; lastKnownFileType = sourcecode.c.h; name = CustomSnippetView.h; path = HackatonApp/CustomSnippetView.h; sourceTree = SOURCE_ROOT; };
		50A3AAC71DE0DB7E008C5CCD /* CustomSnippetView.m */ = {isa = PBXFileReference; fileEncoding = 4; lastKnownFileType = sourcecode.c.objc; name = CustomSnippetView.m; path = HackatonApp/CustomSnippetView.m; sourceTree = SOURCE_ROOT; };
		50A3AAC81DE0DB7E008C5CCD /* CustomSnippetView.xib */ = {isa = PBXFileReference; fileEncoding = 4; lastKnownFileType = file.xib; name = CustomSnippetView.xib; path = HackatonApp/CustomSnippetView.xib; sourceTree = SOURCE_ROOT; };
		50A3AACD1DE1068A008C5CCD /* DetailTableViewController.swift */ = {isa = PBXFileReference; fileEncoding = 4; lastKnownFileType = sourcecode.swift; path = DetailTableViewController.swift; sourceTree = "<group>"; };
		9376501FD978EF51448B65F7 /* Pods-HackatonApp.debug.xcconfig */ = {isa = PBXFileReference; includeInIndex = 1; lastKnownFileType = text.xcconfig; name = "Pods-HackatonApp.debug.xcconfig"; path = "Pods/Target Support Files/Pods-HackatonApp/Pods-HackatonApp.debug.xcconfig"; sourceTree = "<group>"; };
		D4C6DEB739557E9E51A7FD3E /* Pods-HackatonApp.release.xcconfig */ = {isa = PBXFileReference; includeInIndex = 1; lastKnownFileType = text.xcconfig; name = "Pods-HackatonApp.release.xcconfig"; path = "Pods/Target Support Files/Pods-HackatonApp/Pods-HackatonApp.release.xcconfig"; sourceTree = "<group>"; };
		D709A2571DE01FD400F42086 /* CoreDataManager.swift */ = {isa = PBXFileReference; fileEncoding = 4; lastKnownFileType = sourcecode.swift; path = CoreDataManager.swift; sourceTree = "<group>"; };
		D709A2591DE0281100F42086 /* Node+CoreDataClass.swift */ = {isa = PBXFileReference; fileEncoding = 4; lastKnownFileType = sourcecode.swift; path = "Node+CoreDataClass.swift"; sourceTree = "<group>"; };
		D709A25A1DE0281100F42086 /* Node+CoreDataProperties.swift */ = {isa = PBXFileReference; fileEncoding = 4; lastKnownFileType = sourcecode.swift; path = "Node+CoreDataProperties.swift"; sourceTree = "<group>"; };
		D709A25B1DE0281100F42086 /* RouteCategory+CoreDataClass.swift */ = {isa = PBXFileReference; fileEncoding = 4; lastKnownFileType = sourcecode.swift; path = "RouteCategory+CoreDataClass.swift"; sourceTree = "<group>"; };
		D709A25C1DE0281100F42086 /* RouteCategory+CoreDataProperties.swift */ = {isa = PBXFileReference; fileEncoding = 4; lastKnownFileType = sourcecode.swift; path = "RouteCategory+CoreDataProperties.swift"; sourceTree = "<group>"; };
		D709A25D1DE0281100F42086 /* Gallery+CoreDataClass.swift */ = {isa = PBXFileReference; fileEncoding = 4; lastKnownFileType = sourcecode.swift; path = "Gallery+CoreDataClass.swift"; sourceTree = "<group>"; };
		D709A25E1DE0281100F42086 /* Gallery+CoreDataProperties.swift */ = {isa = PBXFileReference; fileEncoding = 4; lastKnownFileType = sourcecode.swift; path = "Gallery+CoreDataProperties.swift"; sourceTree = "<group>"; };
		D709A25F1DE0281100F42086 /* Route+CoreDataClass.swift */ = {isa = PBXFileReference; fileEncoding = 4; lastKnownFileType = sourcecode.swift; path = "Route+CoreDataClass.swift"; sourceTree = "<group>"; };
		D709A2601DE0281100F42086 /* Route+CoreDataProperties.swift */ = {isa = PBXFileReference; fileEncoding = 4; lastKnownFileType = sourcecode.swift; path = "Route+CoreDataProperties.swift"; sourceTree = "<group>"; };
		D709A2691DE02C8B00F42086 /* Extansions.swift */ = {isa = PBXFileReference; fileEncoding = 4; lastKnownFileType = sourcecode.swift; path = Extansions.swift; sourceTree = "<group>"; };
		D709A2731DE0687800F42086 /* Sample.swift */ = {isa = PBXFileReference; fileEncoding = 4; lastKnownFileType = sourcecode.swift; path = Sample.swift; sourceTree = "<group>"; };
		D709A2751DE08AF400F42086 /* RouteManager.swift */ = {isa = PBXFileReference; fileEncoding = 4; lastKnownFileType = sourcecode.swift; path = RouteManager.swift; sourceTree = "<group>"; };
		D78B59601DE0F04100FFF383 /* FeedViewController.swift */ = {isa = PBXFileReference; fileEncoding = 4; lastKnownFileType = sourcecode.swift; path = FeedViewController.swift; sourceTree = "<group>"; };
		D78B59621DE0F08E00FFF383 /* SementedController.swift */ = {isa = PBXFileReference; fileEncoding = 4; lastKnownFileType = sourcecode.swift; name = SementedController.swift; path = Segmentio/SementedController.swift; sourceTree = "<group>"; };
		FAD12F85126459DE4DB05864 /* libPods-HackatonApp.a */ = {isa = PBXFileReference; explicitFileType = archive.ar; includeInIndex = 0; path = "libPods-HackatonApp.a"; sourceTree = BUILT_PRODUCTS_DIR; };
/* End PBXFileReference section */

/* Begin PBXFrameworksBuildPhase section */
		506355211DDFD8F800AEC84B /* Frameworks */ = {
			isa = PBXFrameworksBuildPhase;
			buildActionMask = 2147483647;
			files = (
				64CB7BE1D20E4FFF6AE11499 /* libPods-HackatonApp.a in Frameworks */,
			);
			runOnlyForDeploymentPostprocessing = 0;
		};
/* End PBXFrameworksBuildPhase section */

/* Begin PBXGroup section */
		04C335B11DE004F0005D633B /* Controllers */ = {
			isa = PBXGroup;
			children = (
				D78B59601DE0F04100FFF383 /* FeedViewController.swift */,
				04E85D461DE0D21D007DA2E7 /* MapViewController.h */,
				04E85D471DE0D21D007DA2E7 /* MapViewController.m */,
				50A3AACD1DE1068A008C5CCD /* DetailTableViewController.swift */,
			);
			path = Controllers;
			sourceTree = "<group>";
		};
		04C335B21DE004F0005D633B /* Database */ = {
			isa = PBXGroup;
			children = (
				D709A2561DE01F8200F42086 /* Core Data */,
				04C335B61DE0050C005D633B /* Database.swift */,
				04C335B51DE0050B005D633B /* HackatonApp-Bridging-Header.h */,
				D709A2731DE0687800F42086 /* Sample.swift */,
			);
			path = Database;
			sourceTree = "<group>";
		};
		04C335B41DE004F0005D633B /* Views */ = {
			isa = PBXGroup;
			children = (
				50A3AAC61DE0DB7E008C5CCD /* CustomSnippetView.h */,
				50A3AAC71DE0DB7E008C5CCD /* CustomSnippetView.m */,
				50A3AAC81DE0DB7E008C5CCD /* CustomSnippetView.xib */,
				04E85D541DE0D33D007DA2E7 /* HAFeedCell.h */,
				04E85D551DE0D33D007DA2E7 /* HAFeedCell.m */,
				04E85D561DE0D33D007DA2E7 /* HAFeedCell.xib */,
			);
			path = Views;
			sourceTree = "<group>";
		};
		04E85D211DE01615007DA2E7 /* Network */ = {
			isa = PBXGroup;
			children = (
				04E85D221DE01615007DA2E7 /* Components */,
				04E85D231DE0165B007DA2E7 /* HANetworkManager.h */,
				04E85D241DE0165B007DA2E7 /* HANetworkManager.m */,
				04E85D261DE01677007DA2E7 /* HANetworkManagerTypedefs.h */,
			);
			path = Network;
			sourceTree = "<group>";
		};
		04E85D221DE01615007DA2E7 /* Components */ = {
			isa = PBXGroup;
			children = (
				04E85D291DE01C98007DA2E7 /* HANMBaseComponent.h */,
				04E85D2A1DE01C98007DA2E7 /* HANMBaseComponent.m */,
				04E85D3A1DE02C41007DA2E7 /* HANMRoutesComponent.h */,
				04E85D3B1DE02C41007DA2E7 /* HANMRoutesComponent.m */,
			);
			path = Components;
			sourceTree = "<group>";
		};
		04E85D2C1DE01D5E007DA2E7 /* Library */ = {
			isa = PBXGroup;
			children = (
				D78B59621DE0F08E00FFF383 /* SementedController.swift */,
				04E85D2D1DE01D5E007DA2E7 /* HelperCategories */,
			);
			path = Library;
			sourceTree = "<group>";
		};
		04E85D2D1DE01D5E007DA2E7 /* HelperCategories */ = {
			isa = PBXGroup;
			children = (
				04E85D331DE01D9D007DA2E7 /* NSDictionary+Helper.h */,
				04E85D341DE01D9D007DA2E7 /* NSDictionary+Helper.m */,
			);
			path = HelperCategories;
			sourceTree = "<group>";
		};
		04E85D2E1DE01D5E007DA2E7 /* Utils */ = {
			isa = PBXGroup;
			children = (
				04E85D2F1DE01D5E007DA2E7 /* ProjectHelpers */,
			);
			path = Utils;
			sourceTree = "<group>";
		};
		04E85D2F1DE01D5E007DA2E7 /* ProjectHelpers */ = {
			isa = PBXGroup;
			children = (
				04E85D301DE01D78007DA2E7 /* HAErrorHelper.h */,
				04E85D311DE01D78007DA2E7 /* HAErrorHelper.m */,
			);
			path = ProjectHelpers;
			sourceTree = "<group>";
		};
		04E85D361DE0257B007DA2E7 /* Managers */ = {
			isa = PBXGroup;
			children = (
				04E85D431DE05EDE007DA2E7 /* HASettingsManager.h */,
				04E85D441DE05EDE007DA2E7 /* HASettingsManager.m */,
				04E85D371DE0258B007DA2E7 /* HASaveManager.h */,
				04E85D381DE0258B007DA2E7 /* HASaveManager.m */,
				04E85D401DE056E9007DA2E7 /* HAParseManager.h */,
				04E85D411DE056E9007DA2E7 /* HAParseManager.m */,
			);
			path = Managers;
			sourceTree = "<group>";
		};
		04E85D4B1DE0D2C6007DA2E7 /* Resources */ = {
			isa = PBXGroup;
			children = (
				04E85D4C1DE0D2C6007DA2E7 /* Assets */,
				04E85D4D1DE0D2C6007DA2E7 /* Storyboards */,
			);
			path = Resources;
			sourceTree = "<group>";
		};
		04E85D4C1DE0D2C6007DA2E7 /* Assets */ = {
			isa = PBXGroup;
			children = (
				04E85D591DE0D44C007DA2E7 /* Images.xcassets */,
			);
			path = Assets;
			sourceTree = "<group>";
		};
		04E85D4D1DE0D2C6007DA2E7 /* Storyboards */ = {
			isa = PBXGroup;
			children = (
				04E85D501DE0D2E6007DA2E7 /* Feed.storyboard */,
				04E85D521DE0D2F4007DA2E7 /* Detail.storyboard */,
			);
			path = Storyboards;
			sourceTree = "<group>";
		};
		5063551B1DDFD8F800AEC84B = {
			isa = PBXGroup;
			children = (
				506355261DDFD8F800AEC84B /* HackatonApp */,
				506355251DDFD8F800AEC84B /* Products */,
				D2CAB79589BAA428456841A4 /* Pods */,
				5F0C11DAF1915F43A7D1D8E6 /* Frameworks */,
			);
			sourceTree = "<group>";
		};
		506355251DDFD8F800AEC84B /* Products */ = {
			isa = PBXGroup;
			children = (
				506355241DDFD8F800AEC84B /* HackatonApp.app */,
			);
			name = Products;
			sourceTree = "<group>";
		};
		506355261DDFD8F800AEC84B /* HackatonApp */ = {
			isa = PBXGroup;
			children = (
				04E85D4B1DE0D2C6007DA2E7 /* Resources */,
				04E85D361DE0257B007DA2E7 /* Managers */,
				04E85D2C1DE01D5E007DA2E7 /* Library */,
				04E85D2E1DE01D5E007DA2E7 /* Utils */,
				04E85D211DE01615007DA2E7 /* Network */,
				04C335B11DE004F0005D633B /* Controllers */,
				D709A2711DE062D900F42086 /* Models */,
				04C335B21DE004F0005D633B /* Database */,
				04C335B41DE004F0005D633B /* Views */,
				5063552A1DDFD8F800AEC84B /* AppDelegate.h */,
				5063552B1DDFD8F800AEC84B /* AppDelegate.m */,
				506355301DDFD8F800AEC84B /* Main.storyboard */,
				506355361DDFD8F800AEC84B /* Assets.xcassets */,
				506355381DDFD8F800AEC84B /* LaunchScreen.storyboard */,
				5063553B1DDFD8F800AEC84B /* Info.plist */,
				506355331DDFD8F800AEC84B /* HackatonApp.xcdatamodeld */,
				506355271DDFD8F800AEC84B /* Supporting Files */,
				D709A2691DE02C8B00F42086 /* Extansions.swift */,
			);
			path = HackatonApp;
			sourceTree = "<group>";
		};
		506355271DDFD8F800AEC84B /* Supporting Files */ = {
			isa = PBXGroup;
			children = (
				506355281DDFD8F800AEC84B /* main.m */,
				04E85D271DE0172A007DA2E7 /* HADefines.h */,
				04E85D281DE0176D007DA2E7 /* HAPrefixHeader.pch */,
			);
			name = "Supporting Files";
			sourceTree = "<group>";
		};
		5F0C11DAF1915F43A7D1D8E6 /* Frameworks */ = {
			isa = PBXGroup;
			children = (
				FAD12F85126459DE4DB05864 /* libPods-HackatonApp.a */,
			);
			name = Frameworks;
			sourceTree = "<group>";
		};
		D2CAB79589BAA428456841A4 /* Pods */ = {
			isa = PBXGroup;
			children = (
				9376501FD978EF51448B65F7 /* Pods-HackatonApp.debug.xcconfig */,
				D4C6DEB739557E9E51A7FD3E /* Pods-HackatonApp.release.xcconfig */,
			);
			name = Pods;
			sourceTree = "<group>";
		};
		D709A2561DE01F8200F42086 /* Core Data */ = {
			isa = PBXGroup;
			children = (
				D709A2591DE0281100F42086 /* Node+CoreDataClass.swift */,
				D709A25A1DE0281100F42086 /* Node+CoreDataProperties.swift */,
				D709A25B1DE0281100F42086 /* RouteCategory+CoreDataClass.swift */,
				D709A25C1DE0281100F42086 /* RouteCategory+CoreDataProperties.swift */,
				D709A25D1DE0281100F42086 /* Gallery+CoreDataClass.swift */,
				D709A25E1DE0281100F42086 /* Gallery+CoreDataProperties.swift */,
				D709A25F1DE0281100F42086 /* Route+CoreDataClass.swift */,
				D709A2601DE0281100F42086 /* Route+CoreDataProperties.swift */,
				D709A2571DE01FD400F42086 /* CoreDataManager.swift */,
			);
			path = "Core Data";
			sourceTree = "<group>";
		};
		D709A2711DE062D900F42086 /* Models */ = {
			isa = PBXGroup;
			children = (
				D709A2721DE0630500F42086 /* Route */,
			);
			path = Models;
			sourceTree = "<group>";
		};
		D709A2721DE0630500F42086 /* Route */ = {
			isa = PBXGroup;
			children = (
				04E85D491DE0D22B007DA2E7 /* RouteModel.swift */,
				D709A2751DE08AF400F42086 /* RouteManager.swift */,
			);
			path = Route;
			sourceTree = "<group>";
		};
/* End PBXGroup section */

/* Begin PBXNativeTarget section */
		506355231DDFD8F800AEC84B /* HackatonApp */ = {
			isa = PBXNativeTarget;
			buildConfigurationList = 5063553E1DDFD8F800AEC84B /* Build configuration list for PBXNativeTarget "HackatonApp" */;
			buildPhases = (
				FBD74A0A7B935F5564A9ED29 /* [CP] Check Pods Manifest.lock */,
				506355201DDFD8F800AEC84B /* Sources */,
				506355211DDFD8F800AEC84B /* Frameworks */,
				506355221DDFD8F800AEC84B /* Resources */,
				31150A5D5063798F57F1891F /* [CP] Embed Pods Frameworks */,
				52906016A13EE11443B21DC4 /* [CP] Copy Pods Resources */,
			);
			buildRules = (
			);
			dependencies = (
			);
			name = HackatonApp;
			productName = HackatonApp;
			productReference = 506355241DDFD8F800AEC84B /* HackatonApp.app */;
			productType = "com.apple.product-type.application";
		};
/* End PBXNativeTarget section */

/* Begin PBXProject section */
		5063551C1DDFD8F800AEC84B /* Project object */ = {
			isa = PBXProject;
			attributes = {
				LastUpgradeCheck = 0800;
				ORGANIZATIONNAME = Albert;
				TargetAttributes = {
					506355231DDFD8F800AEC84B = {
						CreatedOnToolsVersion = 8.0;
						LastSwiftMigration = 0800;
						ProvisioningStyle = Automatic;
					};
				};
			};
			buildConfigurationList = 5063551F1DDFD8F800AEC84B /* Build configuration list for PBXProject "HackatonApp" */;
			compatibilityVersion = "Xcode 3.2";
			developmentRegion = English;
			hasScannedForEncodings = 0;
			knownRegions = (
				en,
				Base,
			);
			mainGroup = 5063551B1DDFD8F800AEC84B;
			productRefGroup = 506355251DDFD8F800AEC84B /* Products */;
			projectDirPath = "";
			projectRoot = "";
			targets = (
				506355231DDFD8F800AEC84B /* HackatonApp */,
			);
		};
/* End PBXProject section */

/* Begin PBXResourcesBuildPhase section */
		506355221DDFD8F800AEC84B /* Resources */ = {
			isa = PBXResourcesBuildPhase;
			buildActionMask = 2147483647;
			files = (
				04E85D511DE0D2E6007DA2E7 /* Feed.storyboard in Resources */,
				5063553A1DDFD8F800AEC84B /* LaunchScreen.storyboard in Resources */,
				04E85D5A1DE0D44C007DA2E7 /* Images.xcassets in Resources */,
				50A3AACA1DE0DB7E008C5CCD /* CustomSnippetView.xib in Resources */,
				04E85D581DE0D33D007DA2E7 /* HAFeedCell.xib in Resources */,
				506355371DDFD8F800AEC84B /* Assets.xcassets in Resources */,
				04E85D531DE0D2F4007DA2E7 /* Detail.storyboard in Resources */,
				506355321DDFD8F800AEC84B /* Main.storyboard in Resources */,
			);
			runOnlyForDeploymentPostprocessing = 0;
		};
/* End PBXResourcesBuildPhase section */

/* Begin PBXShellScriptBuildPhase section */
		31150A5D5063798F57F1891F /* [CP] Embed Pods Frameworks */ = {
			isa = PBXShellScriptBuildPhase;
			buildActionMask = 2147483647;
			files = (
			);
			inputPaths = (
			);
			name = "[CP] Embed Pods Frameworks";
			outputPaths = (
			);
			runOnlyForDeploymentPostprocessing = 0;
			shellPath = /bin/sh;
			shellScript = "\"${SRCROOT}/Pods/Target Support Files/Pods-HackatonApp/Pods-HackatonApp-frameworks.sh\"\n";
			showEnvVarsInLog = 0;
		};
		52906016A13EE11443B21DC4 /* [CP] Copy Pods Resources */ = {
			isa = PBXShellScriptBuildPhase;
			buildActionMask = 2147483647;
			files = (
			);
			inputPaths = (
			);
			name = "[CP] Copy Pods Resources";
			outputPaths = (
			);
			runOnlyForDeploymentPostprocessing = 0;
			shellPath = /bin/sh;
			shellScript = "\"${SRCROOT}/Pods/Target Support Files/Pods-HackatonApp/Pods-HackatonApp-resources.sh\"\n";
			showEnvVarsInLog = 0;
		};
		FBD74A0A7B935F5564A9ED29 /* [CP] Check Pods Manifest.lock */ = {
			isa = PBXShellScriptBuildPhase;
			buildActionMask = 2147483647;
			files = (
			);
			inputPaths = (
			);
			name = "[CP] Check Pods Manifest.lock";
			outputPaths = (
			);
			runOnlyForDeploymentPostprocessing = 0;
			shellPath = /bin/sh;
			shellScript = "diff \"${PODS_ROOT}/../Podfile.lock\" \"${PODS_ROOT}/Manifest.lock\" > /dev/null\nif [ $? != 0 ] ; then\n    # print error to STDERR\n    echo \"error: The sandbox is not in sync with the Podfile.lock. Run 'pod install' or update your CocoaPods installation.\" >&2\n    exit 1\nfi\n";
			showEnvVarsInLog = 0;
		};
/* End PBXShellScriptBuildPhase section */

/* Begin PBXSourcesBuildPhase section */
		506355201DDFD8F800AEC84B /* Sources */ = {
			isa = PBXSourcesBuildPhase;
			buildActionMask = 2147483647;
			files = (
				D709A2681DE0281100F42086 /* Route+CoreDataProperties.swift in Sources */,
				04E85D421DE056E9007DA2E7 /* HAParseManager.m in Sources */,
				04E85D451DE05EDE007DA2E7 /* HASettingsManager.m in Sources */,
				D709A2651DE0281100F42086 /* Gallery+CoreDataClass.swift in Sources */,
				50A3AAC91DE0DB7E008C5CCD /* CustomSnippetView.m in Sources */,
				04E85D3C1DE02C41007DA2E7 /* HANMRoutesComponent.m in Sources */,
				D709A2761DE08AF400F42086 /* RouteManager.swift in Sources */,
				D78B59611DE0F04100FFF383 /* FeedViewController.swift in Sources */,
				5063552C1DDFD8F800AEC84B /* AppDelegate.m in Sources */,
				506355351DDFD8F800AEC84B /* HackatonApp.xcdatamodeld in Sources */,
				D709A2631DE0281100F42086 /* RouteCategory+CoreDataClass.swift in Sources */,
				D709A2671DE0281100F42086 /* Route+CoreDataClass.swift in Sources */,
				04E85D251DE0165B007DA2E7 /* HANetworkManager.m in Sources */,
				D709A2741DE0687800F42086 /* Sample.swift in Sources */,
				04E85D2B1DE01C98007DA2E7 /* HANMBaseComponent.m in Sources */,
				04E85D391DE0258B007DA2E7 /* HASaveManager.m in Sources */,
				50A3AACE1DE1068A008C5CCD /* DetailTableViewController.swift in Sources */,
				04C335B71DE0050C005D633B /* Database.swift in Sources */,
				D709A2641DE0281100F42086 /* RouteCategory+CoreDataProperties.swift in Sources */,
				04E85D351DE01D9D007DA2E7 /* NSDictionary+Helper.m in Sources */,
				D709A2611DE0281100F42086 /* Node+CoreDataClass.swift in Sources */,
				04E85D4A1DE0D22B007DA2E7 /* RouteModel.swift in Sources */,
				04E85D571DE0D33D007DA2E7 /* HAFeedCell.m in Sources */,
				506355291DDFD8F800AEC84B /* main.m in Sources */,
				D78B59631DE0F08E00FFF383 /* SementedController.swift in Sources */,
				D709A2661DE0281100F42086 /* Gallery+CoreDataProperties.swift in Sources */,
				D709A2581DE01FD400F42086 /* CoreDataManager.swift in Sources */,
				D709A2621DE0281100F42086 /* Node+CoreDataProperties.swift in Sources */,
				04E85D321DE01D78007DA2E7 /* HAErrorHelper.m in Sources */,
				D709A26A1DE02C8B00F42086 /* Extansions.swift in Sources */,
				04E85D481DE0D21D007DA2E7 /* MapViewController.m in Sources */,
			);
			runOnlyForDeploymentPostprocessing = 0;
		};
/* End PBXSourcesBuildPhase section */

/* Begin PBXVariantGroup section */
		506355301DDFD8F800AEC84B /* Main.storyboard */ = {
			isa = PBXVariantGroup;
			children = (
				506355311DDFD8F800AEC84B /* Base */,
			);
			name = Main.storyboard;
			sourceTree = "<group>";
		};
		506355381DDFD8F800AEC84B /* LaunchScreen.storyboard */ = {
			isa = PBXVariantGroup;
			children = (
				506355391DDFD8F800AEC84B /* Base */,
			);
			name = LaunchScreen.storyboard;
			sourceTree = "<group>";
		};
/* End PBXVariantGroup section */

/* Begin XCBuildConfiguration section */
		5063553C1DDFD8F800AEC84B /* Debug */ = {
			isa = XCBuildConfiguration;
			buildSettings = {
				ALWAYS_SEARCH_USER_PATHS = NO;
				CLANG_ANALYZER_NONNULL = YES;
				CLANG_CXX_LANGUAGE_STANDARD = "gnu++0x";
				CLANG_CXX_LIBRARY = "libc++";
				CLANG_ENABLE_MODULES = YES;
				CLANG_ENABLE_OBJC_ARC = YES;
				CLANG_WARN_BOOL_CONVERSION = YES;
				CLANG_WARN_CONSTANT_CONVERSION = YES;
				CLANG_WARN_DIRECT_OBJC_ISA_USAGE = YES_ERROR;
				CLANG_WARN_DOCUMENTATION_COMMENTS = YES;
				CLANG_WARN_EMPTY_BODY = YES;
				CLANG_WARN_ENUM_CONVERSION = YES;
				CLANG_WARN_INFINITE_RECURSION = YES;
				CLANG_WARN_INT_CONVERSION = YES;
				CLANG_WARN_OBJC_ROOT_CLASS = YES_ERROR;
				CLANG_WARN_SUSPICIOUS_MOVE = YES;
				CLANG_WARN_SUSPICIOUS_MOVES = YES;
				CLANG_WARN_UNREACHABLE_CODE = YES;
				CLANG_WARN__DUPLICATE_METHOD_MATCH = YES;
				"CODE_SIGN_IDENTITY[sdk=iphoneos*]" = "iPhone Developer";
				COPY_PHASE_STRIP = NO;
				DEBUG_INFORMATION_FORMAT = dwarf;
				ENABLE_STRICT_OBJC_MSGSEND = YES;
				ENABLE_TESTABILITY = YES;
				GCC_C_LANGUAGE_STANDARD = gnu99;
				GCC_DYNAMIC_NO_PIC = NO;
				GCC_NO_COMMON_BLOCKS = YES;
				GCC_OPTIMIZATION_LEVEL = 0;
				GCC_PREPROCESSOR_DEFINITIONS = (
					"DEBUG=1",
					"$(inherited)",
				);
				GCC_WARN_64_TO_32_BIT_CONVERSION = YES;
				GCC_WARN_ABOUT_RETURN_TYPE = YES_ERROR;
				GCC_WARN_UNDECLARED_SELECTOR = YES;
				GCC_WARN_UNINITIALIZED_AUTOS = YES_AGGRESSIVE;
				GCC_WARN_UNUSED_FUNCTION = YES;
				GCC_WARN_UNUSED_VARIABLE = YES;
				IPHONEOS_DEPLOYMENT_TARGET = 10.0;
				MTL_ENABLE_DEBUG_INFO = YES;
				ONLY_ACTIVE_ARCH = YES;
				SDKROOT = iphoneos;
				TARGETED_DEVICE_FAMILY = "1,2";
			};
			name = Debug;
		};
		5063553D1DDFD8F800AEC84B /* Release */ = {
			isa = XCBuildConfiguration;
			buildSettings = {
				ALWAYS_SEARCH_USER_PATHS = NO;
				CLANG_ANALYZER_NONNULL = YES;
				CLANG_CXX_LANGUAGE_STANDARD = "gnu++0x";
				CLANG_CXX_LIBRARY = "libc++";
				CLANG_ENABLE_MODULES = YES;
				CLANG_ENABLE_OBJC_ARC = YES;
				CLANG_WARN_BOOL_CONVERSION = YES;
				CLANG_WARN_CONSTANT_CONVERSION = YES;
				CLANG_WARN_DIRECT_OBJC_ISA_USAGE = YES_ERROR;
				CLANG_WARN_DOCUMENTATION_COMMENTS = YES;
				CLANG_WARN_EMPTY_BODY = YES;
				CLANG_WARN_ENUM_CONVERSION = YES;
				CLANG_WARN_INFINITE_RECURSION = YES;
				CLANG_WARN_INT_CONVERSION = YES;
				CLANG_WARN_OBJC_ROOT_CLASS = YES_ERROR;
				CLANG_WARN_SUSPICIOUS_MOVE = YES;
				CLANG_WARN_SUSPICIOUS_MOVES = YES;
				CLANG_WARN_UNREACHABLE_CODE = YES;
				CLANG_WARN__DUPLICATE_METHOD_MATCH = YES;
				"CODE_SIGN_IDENTITY[sdk=iphoneos*]" = "iPhone Developer";
				COPY_PHASE_STRIP = NO;
				DEBUG_INFORMATION_FORMAT = "dwarf-with-dsym";
				ENABLE_NS_ASSERTIONS = NO;
				ENABLE_STRICT_OBJC_MSGSEND = YES;
				GCC_C_LANGUAGE_STANDARD = gnu99;
				GCC_NO_COMMON_BLOCKS = YES;
				GCC_WARN_64_TO_32_BIT_CONVERSION = YES;
				GCC_WARN_ABOUT_RETURN_TYPE = YES_ERROR;
				GCC_WARN_UNDECLARED_SELECTOR = YES;
				GCC_WARN_UNINITIALIZED_AUTOS = YES_AGGRESSIVE;
				GCC_WARN_UNUSED_FUNCTION = YES;
				GCC_WARN_UNUSED_VARIABLE = YES;
				IPHONEOS_DEPLOYMENT_TARGET = 10.0;
				MTL_ENABLE_DEBUG_INFO = NO;
				SDKROOT = iphoneos;
				SWIFT_OPTIMIZATION_LEVEL = "-Owholemodule";
				TARGETED_DEVICE_FAMILY = "1,2";
				VALIDATE_PRODUCT = YES;
			};
			name = Release;
		};
		5063553F1DDFD8F800AEC84B /* Debug */ = {
			isa = XCBuildConfiguration;
			baseConfigurationReference = 9376501FD978EF51448B65F7 /* Pods-HackatonApp.debug.xcconfig */;
			buildSettings = {
				ASSETCATALOG_COMPILER_APPICON_NAME = AppIcon;
				CLANG_ENABLE_MODULES = YES;
				DEVELOPMENT_TEAM = "";
				GCC_PREFIX_HEADER = HackatonApp/HAPrefixHeader.pch;
				INFOPLIST_FILE = HackatonApp/Info.plist;
				LD_RUNPATH_SEARCH_PATHS = "$(inherited) @executable_path/Frameworks";
				PRODUCT_BUNDLE_IDENTIFIER = HA.HackatonApp;
				PRODUCT_NAME = "$(TARGET_NAME)";
				SWIFT_OBJC_BRIDGING_HEADER = "HackatonApp/Database/HackatonApp-Bridging-Header.h";
				SWIFT_OPTIMIZATION_LEVEL = "-Onone";
				SWIFT_VERSION = 3.0;
			};
			name = Debug;
		};
		506355401DDFD8F800AEC84B /* Release */ = {
			isa = XCBuildConfiguration;
			baseConfigurationReference = D4C6DEB739557E9E51A7FD3E /* Pods-HackatonApp.release.xcconfig */;
			buildSettings = {
				ASSETCATALOG_COMPILER_APPICON_NAME = AppIcon;
				CLANG_ENABLE_MODULES = YES;
				DEVELOPMENT_TEAM = "";
				GCC_PREFIX_HEADER = HackatonApp/HAPrefixHeader.pch;
				INFOPLIST_FILE = HackatonApp/Info.plist;
				LD_RUNPATH_SEARCH_PATHS = "$(inherited) @executable_path/Frameworks";
				PRODUCT_BUNDLE_IDENTIFIER = HA.HackatonApp;
				PRODUCT_NAME = "$(TARGET_NAME)";
				SWIFT_OBJC_BRIDGING_HEADER = "HackatonApp/Database/HackatonApp-Bridging-Header.h";
				SWIFT_VERSION = 3.0;
			};
			name = Release;
		};
/* End XCBuildConfiguration section */

/* Begin XCConfigurationList section */
		5063551F1DDFD8F800AEC84B /* Build configuration list for PBXProject "HackatonApp" */ = {
			isa = XCConfigurationList;
			buildConfigurations = (
				5063553C1DDFD8F800AEC84B /* Debug */,
				5063553D1DDFD8F800AEC84B /* Release */,
			);
			defaultConfigurationIsVisible = 0;
			defaultConfigurationName = Release;
		};
		5063553E1DDFD8F800AEC84B /* Build configuration list for PBXNativeTarget "HackatonApp" */ = {
			isa = XCConfigurationList;
			buildConfigurations = (
				5063553F1DDFD8F800AEC84B /* Debug */,
				506355401DDFD8F800AEC84B /* Release */,
			);
			defaultConfigurationIsVisible = 0;
			defaultConfigurationName = Release;
		};
/* End XCConfigurationList section */

/* Begin XCVersionGroup section */
		506355331DDFD8F800AEC84B /* HackatonApp.xcdatamodeld */ = {
			isa = XCVersionGroup;
			children = (
				506355341DDFD8F800AEC84B /* HackatonApp.xcdatamodel */,
			);
			currentVersion = 506355341DDFD8F800AEC84B /* HackatonApp.xcdatamodel */;
			path = HackatonApp.xcdatamodeld;
			sourceTree = "<group>";
			versionGroupType = wrapper.xcdatamodel;
		};
/* End XCVersionGroup section */
	};
	rootObject = 5063551C1DDFD8F800AEC84B /* Project object */;
}
